// !$*UTF8*$!
{
	archiveVersion = 1;
	classes = {
	};
	objectVersion = 51;
	objects = {

/* Begin PBXBuildFile section */
		0751EDE25F51DD9D09D3EC84 /* libgmodule-2.0.0.dylib in Frameworks */ = {isa = PBXBuildFile; fileRef = 7B1752CB7523D0D036901B1A /* libgmodule-2.0.0.dylib */; };
		0DF961EBBC8034997C6F911D /* ImageHandleBuilder.m in Sources */ = {isa = PBXBuildFile; fileRef = D497322E2992040C989F014F /* ImageHandleBuilder.m */; };
		0F3F03F9EA89CCA7714FC040 /* PDFSurface.h in Headers */ = {isa = PBXBuildFile; fileRef = 72659DCF83E67DD176EBAF4B /* PDFSurface.h */; settings = {ATTRIBUTES = (Public, ); }; };
		105D433921E9DC22C0C3698F /* libpcre16.0.dylib in Frameworks */ = {isa = PBXBuildFile; fileRef = E4BC6EF91F06D72D984AAD8B /* libpcre16.0.dylib */; };
		147B45D759D68244AD39A30A /* ImageSpecificationProtocol.h in Headers */ = {isa = PBXBuildFile; fileRef = F5B488C418E91C5F9BEBBC91 /* ImageSpecificationProtocol.h */; settings = {ATTRIBUTES = (Public, ); }; };
		149F29CFDAFD576A498E3334 /* libicutest.67.1.dylib in Frameworks */ = {isa = PBXBuildFile; fileRef = C5A2C31279C0BD56299C7975 /* libicutest.67.1.dylib */; };
		197F63F1DFCDC2A65D83C6F0 /* ImageHandleBuilder.h in Headers */ = {isa = PBXBuildFile; fileRef = DC6C73F25E514F93737D57BF /* ImageHandleBuilder.h */; settings = {ATTRIBUTES = (Public, ); }; };
		1984B40D83AA2AB5D2C10163 /* libgettextpo.0.dylib in Frameworks */ = {isa = PBXBuildFile; fileRef = 12ACBE6BD9CBCEA1E4483B17 /* libgettextpo.0.dylib */; };
		2070154AC6563BB399C0B5B9 /* CairoSVGBridge.h in Headers */ = {isa = PBXBuildFile; fileRef = 782921711069A20A81E562FF /* CairoSVGBridge.h */; settings = {ATTRIBUTES = (Public, ); }; };
		250F68EE98CCE77222153E92 /* libpcre.1.dylib in Frameworks */ = {isa = PBXBuildFile; fileRef = CF91629742619DDB66C9DCA9 /* libpcre.1.dylib */; };
		26D330F282BBCB9500CE0BEB /* librsvg-2.2.dylib in Frameworks */ = {isa = PBXBuildFile; fileRef = 258FDF817A4E405D75DE8140 /* librsvg-2.2.dylib */; };
		2CD8DDF3BF3525E2E52A8FB2 /* libpcre32.0.dylib in Frameworks */ = {isa = PBXBuildFile; fileRef = F10F77C503B4AF39882A79AD /* libpcre32.0.dylib */; };
		2E15A080405156510D7ED072 /* Info copy.plist in Resources */ = {isa = PBXBuildFile; fileRef = 1FB2E62CB19748ABBE2F909D /* Info copy.plist */; };
		334177747011F9EC3747F986 /* PNGImageHandle.h in Headers */ = {isa = PBXBuildFile; fileRef = 090E9AF0581B8DC898ACB88F /* PNGImageHandle.h */; settings = {ATTRIBUTES = (Public, ); }; };
		33D38AB4A8775A13D0D1040A /* libcroco-0.6.3.dylib in Frameworks */ = {isa = PBXBuildFile; fileRef = 4D742496744CF5C5B1E8F7EC /* libcroco-0.6.3.dylib */; };
		36063B7BF115C657346410B1 /* libasprintf.0.dylib in Frameworks */ = {isa = PBXBuildFile; fileRef = 7FB905BD1ECA385B96BD7ED2 /* libasprintf.0.dylib */; };
		3D785055EDB490C585DFA11E /* rsvg.h in Headers */ = {isa = PBXBuildFile; fileRef = FFB17DE5D087D0342C0F1D88 /* rsvg.h */; settings = {ATTRIBUTES = (Public, ); }; };
		3DF37994E4DB8AF91B82100D /* CairoColorProtocol.h in Headers */ = {isa = PBXBuildFile; fileRef = 67677A267F3FE725299589EF /* CairoColorProtocol.h */; settings = {ATTRIBUTES = (Public, ); }; };
		3E34A9DE611390A9DA6433F0 /* libglib-2.0.0.dylib in Frameworks */ = {isa = PBXBuildFile; fileRef = 0FB41454D863338D91843A53 /* libglib-2.0.0.dylib */; };
		3FBC9335B8E0AB880ACF6EDA /* libgio-2.0.0.dylib in Frameworks */ = {isa = PBXBuildFile; fileRef = 4976B1C2D1831CC661FFED7A /* libgio-2.0.0.dylib */; };
		426B3BBED403DC87FFF56FF7 /* libgthread-2.0.0.dylib in Frameworks */ = {isa = PBXBuildFile; fileRef = F65EEE55CEF2BDE726831D81 /* libgthread-2.0.0.dylib */; };
		4344798CECCC7CCC994F0140 /* libcairo-script-interpreter.2.dylib in Frameworks */ = {isa = PBXBuildFile; fileRef = E9E374B97BBCED9E199C1F75 /* libcairo-script-interpreter.2.dylib */; };
		448F9432DE8186E3A6DC4A63 /* libgraphite2.3.2.1.dylib in Frameworks */ = {isa = PBXBuildFile; fileRef = 228433474ED439F859CE7BD3 /* libgraphite2.3.2.1.dylib */; };
		479930E405D7A5C5CF1F6083 /* libicuio.67.1.dylib in Frameworks */ = {isa = PBXBuildFile; fileRef = 4BA2B20EDAC4D489BE90D3AB /* libicuio.67.1.dylib */; };
		505942A53517C5E151AE6F18 /* libpng16.16.dylib in Frameworks */ = {isa = PBXBuildFile; fileRef = C218DA2D2EAA31D06836DB46 /* libpng16.16.dylib */; };
		568C4D7F70C7D99D9246177E /* libicui18n.67.1.dylib in Frameworks */ = {isa = PBXBuildFile; fileRef = 70819581853F0589E06FBE14 /* libicui18n.67.1.dylib */; };
		5F25700602C6A5005E122404 /* libpcreposix.0.dylib in Frameworks */ = {isa = PBXBuildFile; fileRef = 5CE0D9A16B7E325B10008539 /* libpcreposix.0.dylib */; };
		64FE350DA04B9760E8B2A73B /* libicutu.67.1.dylib in Frameworks */ = {isa = PBXBuildFile; fileRef = 5420E4D37E016C948BD5C854 /* libicutu.67.1.dylib */; };
		65E6662D13C19D2809AA195E /* libicudata.67.1.dylib in Frameworks */ = {isa = PBXBuildFile; fileRef = 9B80C02DBA2AE5571DB4B6E2 /* libicudata.67.1.dylib */; };
		6BE86406C0E4A04B231E77FF /* libharfbuzz-icu.0.dylib in Frameworks */ = {isa = PBXBuildFile; fileRef = 7C925AC499A8C1DB667F79E9 /* libharfbuzz-icu.0.dylib */; };
		7166835DAEB0FFFF96D5E9B8 /* libtextstyle.0.dylib in Frameworks */ = {isa = PBXBuildFile; fileRef = 99800348A703AFF4E7ECE39F /* libtextstyle.0.dylib */; };
		7995A1632E6167038F77ACDD /* geometry.svg in Resources */ = {isa = PBXBuildFile; fileRef = C06E0F0E2558EA4E27AAE93D /* geometry.svg */; };
		7A1376D286AA45CED426ADA6 /* SurfaceHandle.h in Headers */ = {isa = PBXBuildFile; fileRef = B4C2FD69B7AC9E24AFAC0235 /* SurfaceHandle.h */; settings = {ATTRIBUTES = (Public, ); }; };
		80C8B21FA6C514B57FC5C320 /* CairoSize.h in Headers */ = {isa = PBXBuildFile; fileRef = 12CE1F40A09173956FA1040C /* CairoSize.h */; settings = {ATTRIBUTES = (Public, ); }; };
		8374B3C5DEE73AC06F4E303D /* cairo.h in Headers */ = {isa = PBXBuildFile; fileRef = 8986708A57C9C22CD7DBF34F /* cairo.h */; settings = {ATTRIBUTES = (Public, ); }; };
		86A39F88B9A7E871F63C822C /* CairoSVGTests.swift in Sources */ = {isa = PBXBuildFile; fileRef = 003EFF0C3ACF0B8E9A184848 /* CairoSVGTests.swift */; };
		88588816056EBE3877E9A692 /* CairoInterface.m in Sources */ = {isa = PBXBuildFile; fileRef = 2231E26333DB6D207C24D45D /* CairoInterface.m */; };
		8A7E6EA4A362C97CE956AEEB /* libfreetype.6.dylib in Frameworks */ = {isa = PBXBuildFile; fileRef = 5BFA0BB7D42EFBEE0EF34D3E /* libfreetype.6.dylib */; };
		8B67E03728A4DAB066E951CF /* SVGImageHandle.m in Sources */ = {isa = PBXBuildFile; fileRef = E0AAA03F0DBD530EE508B491 /* SVGImageHandle.m */; };
		8B988AB046D77227DB85D060 /* libfontconfig.1.dylib in Frameworks */ = {isa = PBXBuildFile; fileRef = 2C3766F01E931E8D7A806561 /* libfontconfig.1.dylib */; };
		9260BD21F82B780BFB81F6A8 /* libharfbuzz-subset.0.dylib in Frameworks */ = {isa = PBXBuildFile; fileRef = DC2B03DF5A10EE578B9217DD /* libharfbuzz-subset.0.dylib */; };
		92D7B3EA731E76E29BAA7F4B /* libpangoft2-1.0.0.dylib in Frameworks */ = {isa = PBXBuildFile; fileRef = FFAA7011BA22410E219FC2FC /* libpangoft2-1.0.0.dylib */; };
		93395B4686C759D01C581376 /* CairoSVG.framework in Embed Frameworks */ = {isa = PBXBuildFile; fileRef = A1FD3E0401BF3053D666166C /* CairoSVG.framework */; settings = {ATTRIBUTES = (CodeSignOnCopy, RemoveHeadersOnCopy, ); }; };
		9370B23B6825EC7D518692B7 /* libgettextlib-0.20.2.dylib in Frameworks */ = {isa = PBXBuildFile; fileRef = 8DC5072B15F03306661B2AA2 /* libgettextlib-0.20.2.dylib */; };
		9AD61024C14B26CB61C5BECE /* libpcrecpp.0.dylib in Frameworks */ = {isa = PBXBuildFile; fileRef = CC4821F84DBA028121673136 /* libpcrecpp.0.dylib */; };
		9C107C37A12F410D34130733 /* ImageFileProtocol.h in Headers */ = {isa = PBXBuildFile; fileRef = 9635E9ED0BA2A608614F1F7D /* ImageFileProtocol.h */; settings = {ATTRIBUTES = (Public, ); }; };
		A0CCCB1F9BE633882E587C9E /* CairoSVG.framework in Frameworks */ = {isa = PBXBuildFile; fileRef = A1FD3E0401BF3053D666166C /* CairoSVG.framework */; };
		A4484315B6AA1DD508F694D7 /* Dimension.h in Headers */ = {isa = PBXBuildFile; fileRef = 379B2694B57C09B9C9180BE2 /* Dimension.h */; settings = {ATTRIBUTES = (Public, ); }; };
		AF8479C5BAA44B2656083808 /* libgettextsrc-0.20.2.dylib in Frameworks */ = {isa = PBXBuildFile; fileRef = CBA5756967C612A3228B9250 /* libgettextsrc-0.20.2.dylib */; };
		AFF02ADEEBB9D33727784BEC /* PNGImageHandle.m in Sources */ = {isa = PBXBuildFile; fileRef = 4BD453FC6B8C07FB354774F9 /* PNGImageHandle.m */; };
		B363B92524B3FBFC00AF8637 /* libasprintf.0.dylib in Embed Libraries */ = {isa = PBXBuildFile; fileRef = 7FB905BD1ECA385B96BD7ED2 /* libasprintf.0.dylib */; settings = {ATTRIBUTES = (CodeSignOnCopy, ); }; };
		B363B92624B3FBFD00AF8637 /* libcairo-gobject.2.dylib in Embed Libraries */ = {isa = PBXBuildFile; fileRef = 53B6493E0B1A6DE7AEBC8EF3 /* libcairo-gobject.2.dylib */; settings = {ATTRIBUTES = (CodeSignOnCopy, ); }; };
		B363B92724B3FBFD00AF8637 /* libcairo-script-interpreter.2.dylib in Embed Libraries */ = {isa = PBXBuildFile; fileRef = E9E374B97BBCED9E199C1F75 /* libcairo-script-interpreter.2.dylib */; settings = {ATTRIBUTES = (CodeSignOnCopy, ); }; };
		B363B92824B3FBFD00AF8637 /* libcairo.2.dylib in Embed Libraries */ = {isa = PBXBuildFile; fileRef = 93674603A84766116568FF57 /* libcairo.2.dylib */; settings = {ATTRIBUTES = (CodeSignOnCopy, ); }; };
		B363B92924B3FBFD00AF8637 /* libcroco-0.6.3.dylib in Embed Libraries */ = {isa = PBXBuildFile; fileRef = 4D742496744CF5C5B1E8F7EC /* libcroco-0.6.3.dylib */; settings = {ATTRIBUTES = (CodeSignOnCopy, ); }; };
		B363B92A24B3FBFE00AF8637 /* libffi.7.dylib in Embed Libraries */ = {isa = PBXBuildFile; fileRef = 91649FE2F530FC9F1CCF0E24 /* libffi.7.dylib */; settings = {ATTRIBUTES = (CodeSignOnCopy, ); }; };
		B363B92B24B3FBFE00AF8637 /* libfontconfig.1.dylib in Embed Libraries */ = {isa = PBXBuildFile; fileRef = 2C3766F01E931E8D7A806561 /* libfontconfig.1.dylib */; settings = {ATTRIBUTES = (CodeSignOnCopy, ); }; };
		B363B92C24B3FBFE00AF8637 /* libfreetype.6.dylib in Embed Libraries */ = {isa = PBXBuildFile; fileRef = 5BFA0BB7D42EFBEE0EF34D3E /* libfreetype.6.dylib */; settings = {ATTRIBUTES = (CodeSignOnCopy, ); }; };
		B363B92D24B3FBFF00AF8637 /* libfribidi.0.dylib in Embed Libraries */ = {isa = PBXBuildFile; fileRef = 4E83B3E0DB8BCEA7EE75014D /* libfribidi.0.dylib */; settings = {ATTRIBUTES = (CodeSignOnCopy, ); }; };
		B363B92E24B3FBFF00AF8637 /* libgdk_pixbuf-2.0.0.dylib in Embed Libraries */ = {isa = PBXBuildFile; fileRef = 16D38EA97D064F08A6938C38 /* libgdk_pixbuf-2.0.0.dylib */; settings = {ATTRIBUTES = (CodeSignOnCopy, ); }; };
		B363B92F24B3FBFF00AF8637 /* libgettextlib-0.20.2.dylib in Embed Libraries */ = {isa = PBXBuildFile; fileRef = 8DC5072B15F03306661B2AA2 /* libgettextlib-0.20.2.dylib */; settings = {ATTRIBUTES = (CodeSignOnCopy, ); }; };
		B363B93024B3FBFF00AF8637 /* libgettextpo.0.dylib in Embed Libraries */ = {isa = PBXBuildFile; fileRef = 12ACBE6BD9CBCEA1E4483B17 /* libgettextpo.0.dylib */; settings = {ATTRIBUTES = (CodeSignOnCopy, ); }; };
		B363B93124B3FC0000AF8637 /* libgettextsrc-0.20.2.dylib in Embed Libraries */ = {isa = PBXBuildFile; fileRef = CBA5756967C612A3228B9250 /* libgettextsrc-0.20.2.dylib */; settings = {ATTRIBUTES = (CodeSignOnCopy, ); }; };
		B363B93224B3FC0000AF8637 /* libgio-2.0.0.dylib in Embed Libraries */ = {isa = PBXBuildFile; fileRef = 4976B1C2D1831CC661FFED7A /* libgio-2.0.0.dylib */; settings = {ATTRIBUTES = (CodeSignOnCopy, ); }; };
		B363B93324B3FC0000AF8637 /* libglib-2.0.0.dylib in Embed Libraries */ = {isa = PBXBuildFile; fileRef = 0FB41454D863338D91843A53 /* libglib-2.0.0.dylib */; settings = {ATTRIBUTES = (CodeSignOnCopy, ); }; };
		B363B93424B3FC0000AF8637 /* libgmodule-2.0.0.dylib in Embed Libraries */ = {isa = PBXBuildFile; fileRef = 7B1752CB7523D0D036901B1A /* libgmodule-2.0.0.dylib */; settings = {ATTRIBUTES = (CodeSignOnCopy, ); }; };
		B363B93524B3FC0100AF8637 /* libgobject-2.0.0.dylib in Embed Libraries */ = {isa = PBXBuildFile; fileRef = 384451FE4B449ED0BD0DDC28 /* libgobject-2.0.0.dylib */; settings = {ATTRIBUTES = (CodeSignOnCopy, ); }; };
		B363B93624B3FC0100AF8637 /* libgraphite2.3.2.1.dylib in Embed Libraries */ = {isa = PBXBuildFile; fileRef = 228433474ED439F859CE7BD3 /* libgraphite2.3.2.1.dylib */; settings = {ATTRIBUTES = (CodeSignOnCopy, ); }; };
		B363B93724B3FC0100AF8637 /* libgthread-2.0.0.dylib in Embed Libraries */ = {isa = PBXBuildFile; fileRef = F65EEE55CEF2BDE726831D81 /* libgthread-2.0.0.dylib */; settings = {ATTRIBUTES = (CodeSignOnCopy, ); }; };
		B363B93824B3FC0100AF8637 /* libharfbuzz-gobject.0.dylib in Embed Libraries */ = {isa = PBXBuildFile; fileRef = FCE90C5AADDB1CCF5165ACBE /* libharfbuzz-gobject.0.dylib */; settings = {ATTRIBUTES = (CodeSignOnCopy, ); }; };
		B363B93924B3FC0200AF8637 /* libharfbuzz-icu.0.dylib in Embed Libraries */ = {isa = PBXBuildFile; fileRef = 7C925AC499A8C1DB667F79E9 /* libharfbuzz-icu.0.dylib */; settings = {ATTRIBUTES = (CodeSignOnCopy, ); }; };
		B363B93A24B3FC0200AF8637 /* libharfbuzz-subset.0.dylib in Embed Libraries */ = {isa = PBXBuildFile; fileRef = DC2B03DF5A10EE578B9217DD /* libharfbuzz-subset.0.dylib */; settings = {ATTRIBUTES = (CodeSignOnCopy, ); }; };
		B363B93B24B3FC0200AF8637 /* libharfbuzz.0.dylib in Embed Libraries */ = {isa = PBXBuildFile; fileRef = BB2E9F8C45AD637625E3CDBF /* libharfbuzz.0.dylib */; settings = {ATTRIBUTES = (CodeSignOnCopy, ); }; };
		B363B93C24B3FC0200AF8637 /* libicudata.67.1.dylib in Embed Libraries */ = {isa = PBXBuildFile; fileRef = 9B80C02DBA2AE5571DB4B6E2 /* libicudata.67.1.dylib */; settings = {ATTRIBUTES = (CodeSignOnCopy, ); }; };
		B363B93D24B3FC0200AF8637 /* libicui18n.67.1.dylib in Embed Libraries */ = {isa = PBXBuildFile; fileRef = 70819581853F0589E06FBE14 /* libicui18n.67.1.dylib */; settings = {ATTRIBUTES = (CodeSignOnCopy, ); }; };
		B363B93E24B3FC0300AF8637 /* libicuio.67.1.dylib in Embed Libraries */ = {isa = PBXBuildFile; fileRef = 4BA2B20EDAC4D489BE90D3AB /* libicuio.67.1.dylib */; settings = {ATTRIBUTES = (CodeSignOnCopy, ); }; };
		B363B93F24B3FC0300AF8637 /* libicutest.67.1.dylib in Embed Libraries */ = {isa = PBXBuildFile; fileRef = C5A2C31279C0BD56299C7975 /* libicutest.67.1.dylib */; settings = {ATTRIBUTES = (CodeSignOnCopy, ); }; };
		B363B94024B3FC0300AF8637 /* libicutu.67.1.dylib in Embed Libraries */ = {isa = PBXBuildFile; fileRef = 5420E4D37E016C948BD5C854 /* libicutu.67.1.dylib */; settings = {ATTRIBUTES = (CodeSignOnCopy, ); }; };
		B363B94124B3FC0300AF8637 /* libicuuc.67.1.dylib in Embed Libraries */ = {isa = PBXBuildFile; fileRef = 7FFB3163147C7C93D9EB7E83 /* libicuuc.67.1.dylib */; settings = {ATTRIBUTES = (CodeSignOnCopy, ); }; };
		B363B94224B3FC0400AF8637 /* libintl.8.dylib in Embed Libraries */ = {isa = PBXBuildFile; fileRef = 04D349FB227D05F06E28553E /* libintl.8.dylib */; settings = {ATTRIBUTES = (CodeSignOnCopy, ); }; };
		B363B94324B3FC0400AF8637 /* liblzo2.2.dylib in Embed Libraries */ = {isa = PBXBuildFile; fileRef = B4753EBDEAF775ECDD82C784 /* liblzo2.2.dylib */; settings = {ATTRIBUTES = (CodeSignOnCopy, ); }; };
		B363B94424B3FC0400AF8637 /* libpango-1.0.0.dylib in Embed Libraries */ = {isa = PBXBuildFile; fileRef = B2F8F90FE787A927609166C3 /* libpango-1.0.0.dylib */; settings = {ATTRIBUTES = (CodeSignOnCopy, ); }; };
		B363B94524B3FC0400AF8637 /* libpangocairo-1.0.0.dylib in Embed Libraries */ = {isa = PBXBuildFile; fileRef = FDC196B871711B1496756EE2 /* libpangocairo-1.0.0.dylib */; settings = {ATTRIBUTES = (CodeSignOnCopy, ); }; };
		B363B94624B3FC0500AF8637 /* libpangoft2-1.0.0.dylib in Embed Libraries */ = {isa = PBXBuildFile; fileRef = FFAA7011BA22410E219FC2FC /* libpangoft2-1.0.0.dylib */; settings = {ATTRIBUTES = (CodeSignOnCopy, ); }; };
		B363B94724B3FC0500AF8637 /* libpcre.1.dylib in Embed Libraries */ = {isa = PBXBuildFile; fileRef = CF91629742619DDB66C9DCA9 /* libpcre.1.dylib */; settings = {ATTRIBUTES = (CodeSignOnCopy, ); }; };
		B363B94824B3FC0500AF8637 /* libpcre16.0.dylib in Embed Libraries */ = {isa = PBXBuildFile; fileRef = E4BC6EF91F06D72D984AAD8B /* libpcre16.0.dylib */; settings = {ATTRIBUTES = (CodeSignOnCopy, ); }; };
		B363B94924B3FC0500AF8637 /* libpcre32.0.dylib in Embed Libraries */ = {isa = PBXBuildFile; fileRef = F10F77C503B4AF39882A79AD /* libpcre32.0.dylib */; settings = {ATTRIBUTES = (CodeSignOnCopy, ); }; };
		B363B94A24B3FC0500AF8637 /* libpcrecpp.0.dylib in Embed Libraries */ = {isa = PBXBuildFile; fileRef = CC4821F84DBA028121673136 /* libpcrecpp.0.dylib */; settings = {ATTRIBUTES = (CodeSignOnCopy, ); }; };
		B363B94B24B3FC0600AF8637 /* libpcreposix.0.dylib in Embed Libraries */ = {isa = PBXBuildFile; fileRef = 5CE0D9A16B7E325B10008539 /* libpcreposix.0.dylib */; settings = {ATTRIBUTES = (CodeSignOnCopy, ); }; };
		B363B94C24B3FC0600AF8637 /* libpixman-1.0.40.0.dylib in Embed Libraries */ = {isa = PBXBuildFile; fileRef = 05FF8837A81BC7A94ED006DD /* libpixman-1.0.40.0.dylib */; settings = {ATTRIBUTES = (CodeSignOnCopy, ); }; };
		B363B94D24B3FC0600AF8637 /* libpng16.16.dylib in Embed Libraries */ = {isa = PBXBuildFile; fileRef = C218DA2D2EAA31D06836DB46 /* libpng16.16.dylib */; settings = {ATTRIBUTES = (CodeSignOnCopy, ); }; };
		B363B94E24B3FC0600AF8637 /* librsvg-2.2.dylib in Embed Libraries */ = {isa = PBXBuildFile; fileRef = 258FDF817A4E405D75DE8140 /* librsvg-2.2.dylib */; settings = {ATTRIBUTES = (CodeSignOnCopy, ); }; };
		B363B94F24B3FC0700AF8637 /* libtextstyle.0.dylib in Embed Libraries */ = {isa = PBXBuildFile; fileRef = 99800348A703AFF4E7ECE39F /* libtextstyle.0.dylib */; settings = {ATTRIBUTES = (CodeSignOnCopy, ); }; };
		B8950E97786BA9F94597791F /* PNGSurface.m in Sources */ = {isa = PBXBuildFile; fileRef = 935B4C88ED6D195BC4D67F22 /* PNGSurface.m */; };
		B89E2B389C4859DAF99C1745 /* libcairo.2.dylib in Frameworks */ = {isa = PBXBuildFile; fileRef = 93674603A84766116568FF57 /* libcairo.2.dylib */; };
		B8A9D76BCCBF71E1BA2F0FFA /* libharfbuzz-gobject.0.dylib in Frameworks */ = {isa = PBXBuildFile; fileRef = FCE90C5AADDB1CCF5165ACBE /* libharfbuzz-gobject.0.dylib */; };
		B91503D8CF3F7A5B4822B870 /* libffi.7.dylib in Frameworks */ = {isa = PBXBuildFile; fileRef = 91649FE2F530FC9F1CCF0E24 /* libffi.7.dylib */; };
		BF1D86D75C1757D68FCEC676 /* SurfaceHandleBuilder.m in Sources */ = {isa = PBXBuildFile; fileRef = F3454CB212584F3E9FA65A2C /* SurfaceHandleBuilder.m */; };
		C715A14220CD8CC329F0DAE4 /* SurfaceHandleBuilder.h in Headers */ = {isa = PBXBuildFile; fileRef = 5593F35796D1AB071BB7D4FA /* SurfaceHandleBuilder.h */; settings = {ATTRIBUTES = (Public, ); }; };
		C7E6D5EC84F70619A11004C3 /* GlibError.h in Headers */ = {isa = PBXBuildFile; fileRef = 95F02978FCF66D7BD24F5FF5 /* GlibError.h */; settings = {ATTRIBUTES = (Public, ); }; };
		CDFDCE06DFAE48FC0DF94891 /* libicuuc.67.1.dylib in Frameworks */ = {isa = PBXBuildFile; fileRef = 7FFB3163147C7C93D9EB7E83 /* libicuuc.67.1.dylib */; };
		D17174C0C270F911D0D34A03 /* GeometryDimension.h in Headers */ = {isa = PBXBuildFile; fileRef = 39CE53E0E03C5DE2A1B904CE /* GeometryDimension.h */; settings = {ATTRIBUTES = (Public, ); }; };
		D4E5DE6AFF666A1D8C96BF70 /* libgdk_pixbuf-2.0.0.dylib in Frameworks */ = {isa = PBXBuildFile; fileRef = 16D38EA97D064F08A6938C38 /* libgdk_pixbuf-2.0.0.dylib */; };
		DB0385E1560798BD45D67102 /* ImageHandle.h in Headers */ = {isa = PBXBuildFile; fileRef = FCA5321DB5A030C153ADDA55 /* ImageHandle.h */; settings = {ATTRIBUTES = (Public, ); }; };
		DC92EFBA568CDC89CE18873E /* libpixman-1.0.40.0.dylib in Frameworks */ = {isa = PBXBuildFile; fileRef = 05FF8837A81BC7A94ED006DD /* libpixman-1.0.40.0.dylib */; };
		DF14FDFD95713661BC7DA1AC /* libharfbuzz.0.dylib in Frameworks */ = {isa = PBXBuildFile; fileRef = BB2E9F8C45AD637625E3CDBF /* libharfbuzz.0.dylib */; };
		E2E4422CA8DD6AD5E2FA48BC /* CairoSVG.h in Headers */ = {isa = PBXBuildFile; fileRef = 88F39C9D6B05D506D797D761 /* CairoSVG.h */; settings = {ATTRIBUTES = (Public, ); }; };
		E5D6AD9640C4C97D7B810AD4 /* libcairo-gobject.2.dylib in Frameworks */ = {isa = PBXBuildFile; fileRef = 53B6493E0B1A6DE7AEBC8EF3 /* libcairo-gobject.2.dylib */; };
		E746D30D57E4A3A0FC90A700 /* GlibError.m in Sources */ = {isa = PBXBuildFile; fileRef = FC3D96B5C0A4C3181EFEAAC8 /* GlibError.m */; };
		ECBFBA36DA665294CE187DBB /* ImageFileFormat.h in Headers */ = {isa = PBXBuildFile; fileRef = DB4148CBC1C9D9E35461DDC1 /* ImageFileFormat.h */; settings = {ATTRIBUTES = (Public, ); }; };
		EDB948BBC53407280F164CAC /* SVGImageHandle.h in Headers */ = {isa = PBXBuildFile; fileRef = 8CF66603B4D18731D1E58E3C /* SVGImageHandle.h */; settings = {ATTRIBUTES = (Public, ); }; };
		EF377FDE443939D048F09802 /* libpango-1.0.0.dylib in Frameworks */ = {isa = PBXBuildFile; fileRef = B2F8F90FE787A927609166C3 /* libpango-1.0.0.dylib */; };
		F00020DD571DC805B4F01991 /* libgobject-2.0.0.dylib in Frameworks */ = {isa = PBXBuildFile; fileRef = 384451FE4B449ED0BD0DDC28 /* libgobject-2.0.0.dylib */; };
		F0BB69DB4ADC3AC58EA6C1A4 /* PDFSurface.m in Sources */ = {isa = PBXBuildFile; fileRef = E4504AC2D17068F72F4327C9 /* PDFSurface.m */; };
		F610C17B7B45F516DFABD1AD /* libintl.8.dylib in Frameworks */ = {isa = PBXBuildFile; fileRef = 04D349FB227D05F06E28553E /* libintl.8.dylib */; };
		F7BC65C8002965B437CCA5DD /* PNGSurface.h in Headers */ = {isa = PBXBuildFile; fileRef = 576857CDEDDB5A3D976B4356 /* PNGSurface.h */; settings = {ATTRIBUTES = (Public, ); }; };
		FA77E6FE6B9F513EA8AC8403 /* liblzo2.2.dylib in Frameworks */ = {isa = PBXBuildFile; fileRef = B4753EBDEAF775ECDD82C784 /* liblzo2.2.dylib */; };
		FE20136792DB7070DBA56525 /* CairoInterface.h in Headers */ = {isa = PBXBuildFile; fileRef = 32452E1C37F7FE539F728898 /* CairoInterface.h */; settings = {ATTRIBUTES = (Public, ); }; };
		FF525DE9FE169134DEF32ACB /* libfribidi.0.dylib in Frameworks */ = {isa = PBXBuildFile; fileRef = 4E83B3E0DB8BCEA7EE75014D /* libfribidi.0.dylib */; };
		FFB85838B263A549A58D46AE /* libpangocairo-1.0.0.dylib in Frameworks */ = {isa = PBXBuildFile; fileRef = FDC196B871711B1496756EE2 /* libpangocairo-1.0.0.dylib */; };
/* End PBXBuildFile section */

/* Begin PBXContainerItemProxy section */
		029612E76C49C210880ACE9E /* PBXContainerItemProxy */ = {
			isa = PBXContainerItemProxy;
			containerPortal = 883FDC10125625D02C8F9F84 /* Project object */;
			proxyType = 1;
			remoteGlobalIDString = 552D99C61F4157FAE9F5559D;
			remoteInfo = CairoSVG;
		};
/* End PBXContainerItemProxy section */

/* Begin PBXCopyFilesBuildPhase section */
		188DD20C37B0E9290904599C /* Embed Frameworks */ = {
			isa = PBXCopyFilesBuildPhase;
			buildActionMask = 2147483647;
			dstPath = "";
			dstSubfolderSpec = 10;
			files = (
				93395B4686C759D01C581376 /* CairoSVG.framework in Embed Frameworks */,
			);
			name = "Embed Frameworks";
			runOnlyForDeploymentPostprocessing = 0;
		};
		B363B95024B3FC0700AF8637 /* Embed Libraries */ = {
			isa = PBXCopyFilesBuildPhase;
			buildActionMask = 2147483647;
			dstPath = "";
			dstSubfolderSpec = 10;
			files = (
				B363B93A24B3FC0200AF8637 /* libharfbuzz-subset.0.dylib in Embed Libraries */,
				B363B93724B3FC0100AF8637 /* libgthread-2.0.0.dylib in Embed Libraries */,
				B363B92F24B3FBFF00AF8637 /* libgettextlib-0.20.2.dylib in Embed Libraries */,
				B363B94224B3FC0400AF8637 /* libintl.8.dylib in Embed Libraries */,
				B363B94A24B3FC0500AF8637 /* libpcrecpp.0.dylib in Embed Libraries */,
				B363B92924B3FBFD00AF8637 /* libcroco-0.6.3.dylib in Embed Libraries */,
				B363B92624B3FBFD00AF8637 /* libcairo-gobject.2.dylib in Embed Libraries */,
				B363B92524B3FBFC00AF8637 /* libasprintf.0.dylib in Embed Libraries */,
				B363B92724B3FBFD00AF8637 /* libcairo-script-interpreter.2.dylib in Embed Libraries */,
				B363B94724B3FC0500AF8637 /* libpcre.1.dylib in Embed Libraries */,
				B363B92D24B3FBFF00AF8637 /* libfribidi.0.dylib in Embed Libraries */,
				B363B93924B3FC0200AF8637 /* libharfbuzz-icu.0.dylib in Embed Libraries */,
				B363B94F24B3FC0700AF8637 /* libtextstyle.0.dylib in Embed Libraries */,
				B363B92C24B3FBFE00AF8637 /* libfreetype.6.dylib in Embed Libraries */,
				B363B93424B3FC0000AF8637 /* libgmodule-2.0.0.dylib in Embed Libraries */,
				B363B93C24B3FC0200AF8637 /* libicudata.67.1.dylib in Embed Libraries */,
				B363B94E24B3FC0600AF8637 /* librsvg-2.2.dylib in Embed Libraries */,
				B363B92E24B3FBFF00AF8637 /* libgdk_pixbuf-2.0.0.dylib in Embed Libraries */,
				B363B93324B3FC0000AF8637 /* libglib-2.0.0.dylib in Embed Libraries */,
				B363B94924B3FC0500AF8637 /* libpcre32.0.dylib in Embed Libraries */,
				B363B94124B3FC0300AF8637 /* libicuuc.67.1.dylib in Embed Libraries */,
				B363B94324B3FC0400AF8637 /* liblzo2.2.dylib in Embed Libraries */,
				B363B93D24B3FC0200AF8637 /* libicui18n.67.1.dylib in Embed Libraries */,
				B363B93F24B3FC0300AF8637 /* libicutest.67.1.dylib in Embed Libraries */,
				B363B94624B3FC0500AF8637 /* libpangoft2-1.0.0.dylib in Embed Libraries */,
				B363B94024B3FC0300AF8637 /* libicutu.67.1.dylib in Embed Libraries */,
				B363B94B24B3FC0600AF8637 /* libpcreposix.0.dylib in Embed Libraries */,
				B363B92B24B3FBFE00AF8637 /* libfontconfig.1.dylib in Embed Libraries */,
				B363B94C24B3FC0600AF8637 /* libpixman-1.0.40.0.dylib in Embed Libraries */,
				B363B94D24B3FC0600AF8637 /* libpng16.16.dylib in Embed Libraries */,
				B363B93624B3FC0100AF8637 /* libgraphite2.3.2.1.dylib in Embed Libraries */,
				B363B93224B3FC0000AF8637 /* libgio-2.0.0.dylib in Embed Libraries */,
				B363B94824B3FC0500AF8637 /* libpcre16.0.dylib in Embed Libraries */,
				B363B92824B3FBFD00AF8637 /* libcairo.2.dylib in Embed Libraries */,
				B363B93524B3FC0100AF8637 /* libgobject-2.0.0.dylib in Embed Libraries */,
				B363B93B24B3FC0200AF8637 /* libharfbuzz.0.dylib in Embed Libraries */,
				B363B93124B3FC0000AF8637 /* libgettextsrc-0.20.2.dylib in Embed Libraries */,
				B363B93824B3FC0100AF8637 /* libharfbuzz-gobject.0.dylib in Embed Libraries */,
				B363B94424B3FC0400AF8637 /* libpango-1.0.0.dylib in Embed Libraries */,
				B363B93E24B3FC0300AF8637 /* libicuio.67.1.dylib in Embed Libraries */,
				B363B94524B3FC0400AF8637 /* libpangocairo-1.0.0.dylib in Embed Libraries */,
				B363B92A24B3FBFE00AF8637 /* libffi.7.dylib in Embed Libraries */,
				B363B93024B3FBFF00AF8637 /* libgettextpo.0.dylib in Embed Libraries */,
			);
			name = "Embed Libraries";
			runOnlyForDeploymentPostprocessing = 0;
		};
/* End PBXCopyFilesBuildPhase section */

/* Begin PBXFileReference section */
		003EFF0C3ACF0B8E9A184848 /* CairoSVGTests.swift */ = {isa = PBXFileReference; lastKnownFileType = sourcecode.swift; path = CairoSVGTests.swift; sourceTree = "<group>"; };
		0140F4A8C8022ED2CD4403AD /* Info.plist */ = {isa = PBXFileReference; lastKnownFileType = text.plist; path = Info.plist; sourceTree = "<group>"; };
		04D349FB227D05F06E28553E /* libintl.8.dylib */ = {isa = PBXFileReference; lastKnownFileType = "compiled.mach-o.dylib"; name = libintl.8.dylib; path = Dependencies/gettext/0.20.2_1/lib/libintl.8.dylib; sourceTree = SOURCE_ROOT; };
		05FF8837A81BC7A94ED006DD /* libpixman-1.0.40.0.dylib */ = {isa = PBXFileReference; lastKnownFileType = "compiled.mach-o.dylib"; name = "libpixman-1.0.40.0.dylib"; path = "Dependencies/pixman/0.40.0/lib/libpixman-1.0.40.0.dylib"; sourceTree = SOURCE_ROOT; };
		090E9AF0581B8DC898ACB88F /* PNGImageHandle.h */ = {isa = PBXFileReference; lastKnownFileType = sourcecode.c.h; path = PNGImageHandle.h; sourceTree = "<group>"; };
		0BDC12811B471BE02DBC4A72 /* libgettextpo.0.dylib */ = {isa = PBXFileReference; lastKnownFileType = "compiled.mach-o.dylib"; name = libgettextpo.0.dylib; path = Dependencies/gettext/0.20.2_1/lib/libgettextpo.0.dylib; sourceTree = "<group>"; };
		0E7A8428A27854B87F234888 /* libtextstyle.0.dylib */ = {isa = PBXFileReference; lastKnownFileType = "compiled.mach-o.dylib"; name = libtextstyle.0.dylib; path = Dependencies/gettext/0.20.2_1/lib/libtextstyle.0.dylib; sourceTree = "<group>"; };
		0FB41454D863338D91843A53 /* libglib-2.0.0.dylib */ = {isa = PBXFileReference; lastKnownFileType = "compiled.mach-o.dylib"; name = "libglib-2.0.0.dylib"; path = "Dependencies/glib/2.64.3/lib/libglib-2.0.0.dylib"; sourceTree = SOURCE_ROOT; };
		0FF11547DB671AE3218A189E /* libgettextlib-0.20.2.dylib */ = {isa = PBXFileReference; lastKnownFileType = "compiled.mach-o.dylib"; name = "libgettextlib-0.20.2.dylib"; path = "Dependencies/gettext/0.20.2_1/lib/libgettextlib-0.20.2.dylib"; sourceTree = "<group>"; };
		11993A35726AE91298D485DA /* libharfbuzz-gobject.0.dylib */ = {isa = PBXFileReference; lastKnownFileType = "compiled.mach-o.dylib"; name = "libharfbuzz-gobject.0.dylib"; path = "Dependencies/harfbuzz/2.6.8/lib/libharfbuzz-gobject.0.dylib"; sourceTree = "<group>"; };
		12ACBE6BD9CBCEA1E4483B17 /* libgettextpo.0.dylib */ = {isa = PBXFileReference; lastKnownFileType = "compiled.mach-o.dylib"; name = libgettextpo.0.dylib; path = Dependencies/gettext/0.20.2_1/lib/libgettextpo.0.dylib; sourceTree = SOURCE_ROOT; };
		12CE1F40A09173956FA1040C /* CairoSize.h */ = {isa = PBXFileReference; lastKnownFileType = sourcecode.c.h; path = CairoSize.h; sourceTree = "<group>"; };
		16D38EA97D064F08A6938C38 /* libgdk_pixbuf-2.0.0.dylib */ = {isa = PBXFileReference; lastKnownFileType = "compiled.mach-o.dylib"; name = "libgdk_pixbuf-2.0.0.dylib"; path = "Dependencies/gdk-pixbuf/2.40.0_1/lib/libgdk_pixbuf-2.0.0.dylib"; sourceTree = SOURCE_ROOT; };
		193C7E58225D386BD450764D /* libgettextsrc-0.20.2.dylib */ = {isa = PBXFileReference; lastKnownFileType = "compiled.mach-o.dylib"; name = "libgettextsrc-0.20.2.dylib"; path = "Dependencies/gettext/0.20.2_1/lib/libgettextsrc-0.20.2.dylib"; sourceTree = "<group>"; };
		1FB2E62CB19748ABBE2F909D /* Info copy.plist */ = {isa = PBXFileReference; lastKnownFileType = text.plist; path = "Info copy.plist"; sourceTree = "<group>"; };
		21F1F08F56A36EE4F95B4BA1 /* liblzo2.2.dylib */ = {isa = PBXFileReference; lastKnownFileType = "compiled.mach-o.dylib"; name = liblzo2.2.dylib; path = Dependencies/lzo/2.10/lib/liblzo2.2.dylib; sourceTree = "<group>"; };
		2231E26333DB6D207C24D45D /* CairoInterface.m */ = {isa = PBXFileReference; lastKnownFileType = sourcecode.c.objc; path = CairoInterface.m; sourceTree = "<group>"; };
		228433474ED439F859CE7BD3 /* libgraphite2.3.2.1.dylib */ = {isa = PBXFileReference; lastKnownFileType = "compiled.mach-o.dylib"; name = libgraphite2.3.2.1.dylib; path = Dependencies/graphite2/1.3.14/lib/libgraphite2.3.2.1.dylib; sourceTree = SOURCE_ROOT; };
		244A285C14D8C62E4FD52078 /* libpcre16.0.dylib */ = {isa = PBXFileReference; lastKnownFileType = "compiled.mach-o.dylib"; name = libpcre16.0.dylib; path = Dependencies/pcre/8.44/lib/libpcre16.0.dylib; sourceTree = "<group>"; };
		258FDF817A4E405D75DE8140 /* librsvg-2.2.dylib */ = {isa = PBXFileReference; lastKnownFileType = "compiled.mach-o.dylib"; name = "librsvg-2.2.dylib"; path = "Dependencies/librsvg/2.48.8/lib/librsvg-2.2.dylib"; sourceTree = SOURCE_ROOT; };
		291BAA7A7C0F64EC4A1A3116 /* libpcrecpp.0.dylib */ = {isa = PBXFileReference; lastKnownFileType = "compiled.mach-o.dylib"; name = libpcrecpp.0.dylib; path = Dependencies/pcre/8.44/lib/libpcrecpp.0.dylib; sourceTree = "<group>"; };
		2B8D1C8A0A09D50D117459BC /* libfreetype.6.dylib */ = {isa = PBXFileReference; lastKnownFileType = "compiled.mach-o.dylib"; name = libfreetype.6.dylib; path = Dependencies/freetype/2.10.2/lib/libfreetype.6.dylib; sourceTree = "<group>"; };
		2C1D9E1C67F9D6CC8B5058E2 /* libicuuc.67.1.dylib */ = {isa = PBXFileReference; lastKnownFileType = "compiled.mach-o.dylib"; name = libicuuc.67.1.dylib; path = Dependencies/icu4c/67.1/lib/libicuuc.67.1.dylib; sourceTree = "<group>"; };
		2C3766F01E931E8D7A806561 /* libfontconfig.1.dylib */ = {isa = PBXFileReference; lastKnownFileType = "compiled.mach-o.dylib"; name = libfontconfig.1.dylib; path = Dependencies/fontconfig/2.13.1/lib/libfontconfig.1.dylib; sourceTree = SOURCE_ROOT; };
		2DF1158BFF84640894E75854 /* libfribidi.0.dylib */ = {isa = PBXFileReference; lastKnownFileType = "compiled.mach-o.dylib"; name = libfribidi.0.dylib; path = Dependencies/fribidi/1.0.9/lib/libfribidi.0.dylib; sourceTree = "<group>"; };
		32452E1C37F7FE539F728898 /* CairoInterface.h */ = {isa = PBXFileReference; lastKnownFileType = sourcecode.c.h; path = CairoInterface.h; sourceTree = "<group>"; };
		379B2694B57C09B9C9180BE2 /* Dimension.h */ = {isa = PBXFileReference; lastKnownFileType = sourcecode.c.h; path = Dimension.h; sourceTree = "<group>"; };
		384451FE4B449ED0BD0DDC28 /* libgobject-2.0.0.dylib */ = {isa = PBXFileReference; lastKnownFileType = "compiled.mach-o.dylib"; name = "libgobject-2.0.0.dylib"; path = "Dependencies/glib/2.64.3/lib/libgobject-2.0.0.dylib"; sourceTree = SOURCE_ROOT; };
		39CE53E0E03C5DE2A1B904CE /* GeometryDimension.h */ = {isa = PBXFileReference; lastKnownFileType = sourcecode.c.h; path = GeometryDimension.h; sourceTree = "<group>"; };
		3E2F59D1E6584D0DE50A533F /* libglib-2.0.0.dylib */ = {isa = PBXFileReference; lastKnownFileType = "compiled.mach-o.dylib"; name = "libglib-2.0.0.dylib"; path = "Dependencies/glib/2.64.3/lib/libglib-2.0.0.dylib"; sourceTree = "<group>"; };
		3F3031ADC5C3FB0DBF8B3355 /* libcairo-script-interpreter.2.dylib */ = {isa = PBXFileReference; lastKnownFileType = "compiled.mach-o.dylib"; name = "libcairo-script-interpreter.2.dylib"; path = "Dependencies/cairo/1.16.0_3/lib/libcairo-script-interpreter.2.dylib"; sourceTree = "<group>"; };
		4266CB9BBCC06599F705B45F /* libharfbuzz-subset.0.dylib */ = {isa = PBXFileReference; lastKnownFileType = "compiled.mach-o.dylib"; name = "libharfbuzz-subset.0.dylib"; path = "Dependencies/harfbuzz/2.6.8/lib/libharfbuzz-subset.0.dylib"; sourceTree = "<group>"; };
		430019AFC75A2AB4E4AABA5A /* libgmodule-2.0.0.dylib */ = {isa = PBXFileReference; lastKnownFileType = "compiled.mach-o.dylib"; name = "libgmodule-2.0.0.dylib"; path = "Dependencies/glib/2.64.3/lib/libgmodule-2.0.0.dylib"; sourceTree = "<group>"; };
		4976B1C2D1831CC661FFED7A /* libgio-2.0.0.dylib */ = {isa = PBXFileReference; lastKnownFileType = "compiled.mach-o.dylib"; name = "libgio-2.0.0.dylib"; path = "Dependencies/glib/2.64.3/lib/libgio-2.0.0.dylib"; sourceTree = SOURCE_ROOT; };
		4BA2B20EDAC4D489BE90D3AB /* libicuio.67.1.dylib */ = {isa = PBXFileReference; lastKnownFileType = "compiled.mach-o.dylib"; name = libicuio.67.1.dylib; path = Dependencies/icu4c/67.1/lib/libicuio.67.1.dylib; sourceTree = SOURCE_ROOT; };
		4BD453FC6B8C07FB354774F9 /* PNGImageHandle.m */ = {isa = PBXFileReference; lastKnownFileType = sourcecode.c.objc; path = PNGImageHandle.m; sourceTree = "<group>"; };
		4D742496744CF5C5B1E8F7EC /* libcroco-0.6.3.dylib */ = {isa = PBXFileReference; lastKnownFileType = "compiled.mach-o.dylib"; name = "libcroco-0.6.3.dylib"; path = "Dependencies/libcroco/0.6.13_1/lib/libcroco-0.6.3.dylib"; sourceTree = SOURCE_ROOT; };
		4E83B3E0DB8BCEA7EE75014D /* libfribidi.0.dylib */ = {isa = PBXFileReference; lastKnownFileType = "compiled.mach-o.dylib"; name = libfribidi.0.dylib; path = Dependencies/fribidi/1.0.9/lib/libfribidi.0.dylib; sourceTree = SOURCE_ROOT; };
		5078343881B559B4423F41D8 /* libicui18n.67.1.dylib */ = {isa = PBXFileReference; lastKnownFileType = "compiled.mach-o.dylib"; name = libicui18n.67.1.dylib; path = Dependencies/icu4c/67.1/lib/libicui18n.67.1.dylib; sourceTree = "<group>"; };
		53B6493E0B1A6DE7AEBC8EF3 /* libcairo-gobject.2.dylib */ = {isa = PBXFileReference; lastKnownFileType = "compiled.mach-o.dylib"; name = "libcairo-gobject.2.dylib"; path = "Dependencies/cairo/1.16.0_3/lib/libcairo-gobject.2.dylib"; sourceTree = SOURCE_ROOT; };
		5420E4D37E016C948BD5C854 /* libicutu.67.1.dylib */ = {isa = PBXFileReference; lastKnownFileType = "compiled.mach-o.dylib"; name = libicutu.67.1.dylib; path = Dependencies/icu4c/67.1/lib/libicutu.67.1.dylib; sourceTree = SOURCE_ROOT; };
		5593F35796D1AB071BB7D4FA /* SurfaceHandleBuilder.h */ = {isa = PBXFileReference; lastKnownFileType = sourcecode.c.h; path = SurfaceHandleBuilder.h; sourceTree = "<group>"; };
		576857CDEDDB5A3D976B4356 /* PNGSurface.h */ = {isa = PBXFileReference; lastKnownFileType = sourcecode.c.h; path = PNGSurface.h; sourceTree = "<group>"; };
		5BB710C298CFE2E56311EBDC /* libasprintf.0.dylib */ = {isa = PBXFileReference; lastKnownFileType = "compiled.mach-o.dylib"; name = libasprintf.0.dylib; path = Dependencies/gettext/0.20.2_1/lib/libasprintf.0.dylib; sourceTree = "<group>"; };
		5BFA0BB7D42EFBEE0EF34D3E /* libfreetype.6.dylib */ = {isa = PBXFileReference; lastKnownFileType = "compiled.mach-o.dylib"; name = libfreetype.6.dylib; path = Dependencies/freetype/2.10.2/lib/libfreetype.6.dylib; sourceTree = SOURCE_ROOT; };
		5CE0D9A16B7E325B10008539 /* libpcreposix.0.dylib */ = {isa = PBXFileReference; lastKnownFileType = "compiled.mach-o.dylib"; name = libpcreposix.0.dylib; path = Dependencies/pcre/8.44/lib/libpcreposix.0.dylib; sourceTree = SOURCE_ROOT; };
		65D79184531EB5F254551E22 /* libgio-2.0.0.dylib */ = {isa = PBXFileReference; lastKnownFileType = "compiled.mach-o.dylib"; name = "libgio-2.0.0.dylib"; path = "Dependencies/glib/2.64.3/lib/libgio-2.0.0.dylib"; sourceTree = "<group>"; };
		66B18817B4DC0B691E36DAC0 /* CairoSVGTests.xctest */ = {isa = PBXFileReference; explicitFileType = wrapper.cfbundle; includeInIndex = 0; path = CairoSVGTests.xctest; sourceTree = BUILT_PRODUCTS_DIR; };
		67677A267F3FE725299589EF /* CairoColorProtocol.h */ = {isa = PBXFileReference; lastKnownFileType = sourcecode.c.h; path = CairoColorProtocol.h; sourceTree = "<group>"; };
		67720E380949B0F03674154F /* libpcre.1.dylib */ = {isa = PBXFileReference; lastKnownFileType = "compiled.mach-o.dylib"; name = libpcre.1.dylib; path = Dependencies/pcre/8.44/lib/libpcre.1.dylib; sourceTree = "<group>"; };
		69C952E8924F44BEA583A113 /* libcairo.2.dylib */ = {isa = PBXFileReference; lastKnownFileType = "compiled.mach-o.dylib"; name = libcairo.2.dylib; path = Dependencies/cairo/1.16.0_3/lib/libcairo.2.dylib; sourceTree = "<group>"; };
		69E14305BACE3D7749912B69 /* libpng16.16.dylib */ = {isa = PBXFileReference; lastKnownFileType = "compiled.mach-o.dylib"; name = libpng16.16.dylib; path = Dependencies/libpng/1.6.37/lib/libpng16.16.dylib; sourceTree = "<group>"; };
		6E06EABD74562F151B2FEEDF /* libicuio.67.1.dylib */ = {isa = PBXFileReference; lastKnownFileType = "compiled.mach-o.dylib"; name = libicuio.67.1.dylib; path = Dependencies/icu4c/67.1/lib/libicuio.67.1.dylib; sourceTree = "<group>"; };
		707AF3E7E2D5354354CA755B /* Info.plist */ = {isa = PBXFileReference; lastKnownFileType = text.plist; path = Info.plist; sourceTree = "<group>"; };
		70819581853F0589E06FBE14 /* libicui18n.67.1.dylib */ = {isa = PBXFileReference; lastKnownFileType = "compiled.mach-o.dylib"; name = libicui18n.67.1.dylib; path = Dependencies/icu4c/67.1/lib/libicui18n.67.1.dylib; sourceTree = SOURCE_ROOT; };
		72659DCF83E67DD176EBAF4B /* PDFSurface.h */ = {isa = PBXFileReference; lastKnownFileType = sourcecode.c.h; path = PDFSurface.h; sourceTree = "<group>"; };
		72D32981E2CD543B74FFBCA5 /* libgobject-2.0.0.dylib */ = {isa = PBXFileReference; lastKnownFileType = "compiled.mach-o.dylib"; name = "libgobject-2.0.0.dylib"; path = "Dependencies/glib/2.64.3/lib/libgobject-2.0.0.dylib"; sourceTree = "<group>"; };
		782921711069A20A81E562FF /* CairoSVGBridge.h */ = {isa = PBXFileReference; lastKnownFileType = sourcecode.c.h; path = CairoSVGBridge.h; sourceTree = "<group>"; };
		7B1752CB7523D0D036901B1A /* libgmodule-2.0.0.dylib */ = {isa = PBXFileReference; lastKnownFileType = "compiled.mach-o.dylib"; name = "libgmodule-2.0.0.dylib"; path = "Dependencies/glib/2.64.3/lib/libgmodule-2.0.0.dylib"; sourceTree = SOURCE_ROOT; };
		7C925AC499A8C1DB667F79E9 /* libharfbuzz-icu.0.dylib */ = {isa = PBXFileReference; lastKnownFileType = "compiled.mach-o.dylib"; name = "libharfbuzz-icu.0.dylib"; path = "Dependencies/harfbuzz/2.6.8/lib/libharfbuzz-icu.0.dylib"; sourceTree = SOURCE_ROOT; };
		7D6BC6D77B7BBB277FB19F1A /* libpango-1.0.0.dylib */ = {isa = PBXFileReference; lastKnownFileType = "compiled.mach-o.dylib"; name = "libpango-1.0.0.dylib"; path = "Dependencies/pango/1.44.7/lib/libpango-1.0.0.dylib"; sourceTree = "<group>"; };
		7FB905BD1ECA385B96BD7ED2 /* libasprintf.0.dylib */ = {isa = PBXFileReference; lastKnownFileType = "compiled.mach-o.dylib"; name = libasprintf.0.dylib; path = Dependencies/gettext/0.20.2_1/lib/libasprintf.0.dylib; sourceTree = SOURCE_ROOT; };
		7FFB3163147C7C93D9EB7E83 /* libicuuc.67.1.dylib */ = {isa = PBXFileReference; lastKnownFileType = "compiled.mach-o.dylib"; name = libicuuc.67.1.dylib; path = Dependencies/icu4c/67.1/lib/libicuuc.67.1.dylib; sourceTree = SOURCE_ROOT; };
		8051413781169E8E7E7FC477 /* libcairo-gobject.2.dylib */ = {isa = PBXFileReference; lastKnownFileType = "compiled.mach-o.dylib"; name = "libcairo-gobject.2.dylib"; path = "Dependencies/cairo/1.16.0_3/lib/libcairo-gobject.2.dylib"; sourceTree = "<group>"; };
		8564B8386DB5D601F1D484D5 /* libharfbuzz.0.dylib */ = {isa = PBXFileReference; lastKnownFileType = "compiled.mach-o.dylib"; name = libharfbuzz.0.dylib; path = Dependencies/harfbuzz/2.6.8/lib/libharfbuzz.0.dylib; sourceTree = "<group>"; };
		88F39C9D6B05D506D797D761 /* CairoSVG.h */ = {isa = PBXFileReference; lastKnownFileType = sourcecode.c.h; path = CairoSVG.h; sourceTree = "<group>"; };
		8986708A57C9C22CD7DBF34F /* cairo.h */ = {isa = PBXFileReference; lastKnownFileType = sourcecode.c.h; path = cairo.h; sourceTree = "<group>"; };
		8AD93B60D8C72D55CE1F10B4 /* libgthread-2.0.0.dylib */ = {isa = PBXFileReference; lastKnownFileType = "compiled.mach-o.dylib"; name = "libgthread-2.0.0.dylib"; path = "Dependencies/glib/2.64.3/lib/libgthread-2.0.0.dylib"; sourceTree = "<group>"; };
		8CF66603B4D18731D1E58E3C /* SVGImageHandle.h */ = {isa = PBXFileReference; lastKnownFileType = sourcecode.c.h; path = SVGImageHandle.h; sourceTree = "<group>"; };
		8DC5072B15F03306661B2AA2 /* libgettextlib-0.20.2.dylib */ = {isa = PBXFileReference; lastKnownFileType = "compiled.mach-o.dylib"; name = "libgettextlib-0.20.2.dylib"; path = "Dependencies/gettext/0.20.2_1/lib/libgettextlib-0.20.2.dylib"; sourceTree = SOURCE_ROOT; };
		908D983E57CAD970C249A776 /* libharfbuzz-icu.0.dylib */ = {isa = PBXFileReference; lastKnownFileType = "compiled.mach-o.dylib"; name = "libharfbuzz-icu.0.dylib"; path = "Dependencies/harfbuzz/2.6.8/lib/libharfbuzz-icu.0.dylib"; sourceTree = "<group>"; };
		91649FE2F530FC9F1CCF0E24 /* libffi.7.dylib */ = {isa = PBXFileReference; lastKnownFileType = "compiled.mach-o.dylib"; name = libffi.7.dylib; path = Dependencies/libffi/3.3/lib/libffi.7.dylib; sourceTree = SOURCE_ROOT; };
		935B4C88ED6D195BC4D67F22 /* PNGSurface.m */ = {isa = PBXFileReference; lastKnownFileType = sourcecode.c.objc; path = PNGSurface.m; sourceTree = "<group>"; };
		93674603A84766116568FF57 /* libcairo.2.dylib */ = {isa = PBXFileReference; lastKnownFileType = "compiled.mach-o.dylib"; name = libcairo.2.dylib; path = Dependencies/cairo/1.16.0_3/lib/libcairo.2.dylib; sourceTree = SOURCE_ROOT; };
		95F02978FCF66D7BD24F5FF5 /* GlibError.h */ = {isa = PBXFileReference; lastKnownFileType = sourcecode.c.h; path = GlibError.h; sourceTree = "<group>"; };
		9635E9ED0BA2A608614F1F7D /* ImageFileProtocol.h */ = {isa = PBXFileReference; lastKnownFileType = sourcecode.c.h; path = ImageFileProtocol.h; sourceTree = "<group>"; };
		99800348A703AFF4E7ECE39F /* libtextstyle.0.dylib */ = {isa = PBXFileReference; lastKnownFileType = "compiled.mach-o.dylib"; name = libtextstyle.0.dylib; path = Dependencies/gettext/0.20.2_1/lib/libtextstyle.0.dylib; sourceTree = SOURCE_ROOT; };
		9B7552AFBD234D4A64AB8695 /* libcroco-0.6.3.dylib */ = {isa = PBXFileReference; lastKnownFileType = "compiled.mach-o.dylib"; name = "libcroco-0.6.3.dylib"; path = "Dependencies/libcroco/0.6.13_1/lib/libcroco-0.6.3.dylib"; sourceTree = "<group>"; };
		9B80C02DBA2AE5571DB4B6E2 /* libicudata.67.1.dylib */ = {isa = PBXFileReference; lastKnownFileType = "compiled.mach-o.dylib"; name = libicudata.67.1.dylib; path = Dependencies/icu4c/67.1/lib/libicudata.67.1.dylib; sourceTree = SOURCE_ROOT; };
		A0C9B5BD1BABD29B58B07B44 /* libgraphite2.3.2.1.dylib */ = {isa = PBXFileReference; lastKnownFileType = "compiled.mach-o.dylib"; name = libgraphite2.3.2.1.dylib; path = Dependencies/graphite2/1.3.14/lib/libgraphite2.3.2.1.dylib; sourceTree = "<group>"; };
		A1FD3E0401BF3053D666166C /* CairoSVG.framework */ = {isa = PBXFileReference; explicitFileType = wrapper.framework; includeInIndex = 0; path = CairoSVG.framework; sourceTree = BUILT_PRODUCTS_DIR; };
		A367BA9926AA9CD8AD028D29 /* libintl.8.dylib */ = {isa = PBXFileReference; lastKnownFileType = "compiled.mach-o.dylib"; name = libintl.8.dylib; path = Dependencies/gettext/0.20.2_1/lib/libintl.8.dylib; sourceTree = "<group>"; };
		A3DE634A99955C3F85474DA0 /* libgdk_pixbuf-2.0.0.dylib */ = {isa = PBXFileReference; lastKnownFileType = "compiled.mach-o.dylib"; name = "libgdk_pixbuf-2.0.0.dylib"; path = "Dependencies/gdk-pixbuf/2.40.0_1/lib/libgdk_pixbuf-2.0.0.dylib"; sourceTree = "<group>"; };
		A6F7A0941ECF40B19E7B8390 /* libffi.7.dylib */ = {isa = PBXFileReference; lastKnownFileType = "compiled.mach-o.dylib"; name = libffi.7.dylib; path = Dependencies/libffi/3.3/lib/libffi.7.dylib; sourceTree = "<group>"; };
		B2F8F90FE787A927609166C3 /* libpango-1.0.0.dylib */ = {isa = PBXFileReference; lastKnownFileType = "compiled.mach-o.dylib"; name = "libpango-1.0.0.dylib"; path = "Dependencies/pango/1.44.7/lib/libpango-1.0.0.dylib"; sourceTree = SOURCE_ROOT; };
		B33663F524B8E4E700759AAE /* Package.swift */ = {isa = PBXFileReference; lastKnownFileType = sourcecode.swift; path = Package.swift; sourceTree = "<group>"; };
		B4753EBDEAF775ECDD82C784 /* liblzo2.2.dylib */ = {isa = PBXFileReference; lastKnownFileType = "compiled.mach-o.dylib"; name = liblzo2.2.dylib; path = Dependencies/lzo/2.10/lib/liblzo2.2.dylib; sourceTree = SOURCE_ROOT; };
		B4C2FD69B7AC9E24AFAC0235 /* SurfaceHandle.h */ = {isa = PBXFileReference; lastKnownFileType = sourcecode.c.h; path = SurfaceHandle.h; sourceTree = "<group>"; };
		B71A4B53DBFA881AA66028CF /* libicudata.67.1.dylib */ = {isa = PBXFileReference; lastKnownFileType = "compiled.mach-o.dylib"; name = libicudata.67.1.dylib; path = Dependencies/icu4c/67.1/lib/libicudata.67.1.dylib; sourceTree = "<group>"; };
		BB2E9F8C45AD637625E3CDBF /* libharfbuzz.0.dylib */ = {isa = PBXFileReference; lastKnownFileType = "compiled.mach-o.dylib"; name = libharfbuzz.0.dylib; path = Dependencies/harfbuzz/2.6.8/lib/libharfbuzz.0.dylib; sourceTree = SOURCE_ROOT; };
		C06E0F0E2558EA4E27AAE93D /* geometry.svg */ = {isa = PBXFileReference; lastKnownFileType = text.xml; path = geometry.svg; sourceTree = "<group>"; };
		C1D47A63B0AE3D505BCDB487 /* libicutest.67.1.dylib */ = {isa = PBXFileReference; lastKnownFileType = "compiled.mach-o.dylib"; name = libicutest.67.1.dylib; path = Dependencies/icu4c/67.1/lib/libicutest.67.1.dylib; sourceTree = "<group>"; };
		C218DA2D2EAA31D06836DB46 /* libpng16.16.dylib */ = {isa = PBXFileReference; lastKnownFileType = "compiled.mach-o.dylib"; name = libpng16.16.dylib; path = Dependencies/libpng/1.6.37/lib/libpng16.16.dylib; sourceTree = SOURCE_ROOT; };
		C5A2C31279C0BD56299C7975 /* libicutest.67.1.dylib */ = {isa = PBXFileReference; lastKnownFileType = "compiled.mach-o.dylib"; name = libicutest.67.1.dylib; path = Dependencies/icu4c/67.1/lib/libicutest.67.1.dylib; sourceTree = SOURCE_ROOT; };
		CB511E9C6902D612E33B04A4 /* libpcre32.0.dylib */ = {isa = PBXFileReference; lastKnownFileType = "compiled.mach-o.dylib"; name = libpcre32.0.dylib; path = Dependencies/pcre/8.44/lib/libpcre32.0.dylib; sourceTree = "<group>"; };
		CBA5756967C612A3228B9250 /* libgettextsrc-0.20.2.dylib */ = {isa = PBXFileReference; lastKnownFileType = "compiled.mach-o.dylib"; name = "libgettextsrc-0.20.2.dylib"; path = "Dependencies/gettext/0.20.2_1/lib/libgettextsrc-0.20.2.dylib"; sourceTree = SOURCE_ROOT; };
		CC4821F84DBA028121673136 /* libpcrecpp.0.dylib */ = {isa = PBXFileReference; lastKnownFileType = "compiled.mach-o.dylib"; name = libpcrecpp.0.dylib; path = Dependencies/pcre/8.44/lib/libpcrecpp.0.dylib; sourceTree = SOURCE_ROOT; };
		CDF6EFB6D809A408CEDD1B79 /* libpixman-1.0.40.0.dylib */ = {isa = PBXFileReference; lastKnownFileType = "compiled.mach-o.dylib"; name = "libpixman-1.0.40.0.dylib"; path = "Dependencies/pixman/0.40.0/lib/libpixman-1.0.40.0.dylib"; sourceTree = "<group>"; };
		CF91629742619DDB66C9DCA9 /* libpcre.1.dylib */ = {isa = PBXFileReference; lastKnownFileType = "compiled.mach-o.dylib"; name = libpcre.1.dylib; path = Dependencies/pcre/8.44/lib/libpcre.1.dylib; sourceTree = SOURCE_ROOT; };
		D497322E2992040C989F014F /* ImageHandleBuilder.m */ = {isa = PBXFileReference; lastKnownFileType = sourcecode.c.objc; path = ImageHandleBuilder.m; sourceTree = "<group>"; };
		DB4148CBC1C9D9E35461DDC1 /* ImageFileFormat.h */ = {isa = PBXFileReference; lastKnownFileType = sourcecode.c.h; path = ImageFileFormat.h; sourceTree = "<group>"; };
		DB59CA718DB1F2FFA385868E /* libicutu.67.1.dylib */ = {isa = PBXFileReference; lastKnownFileType = "compiled.mach-o.dylib"; name = libicutu.67.1.dylib; path = Dependencies/icu4c/67.1/lib/libicutu.67.1.dylib; sourceTree = "<group>"; };
		DC2B03DF5A10EE578B9217DD /* libharfbuzz-subset.0.dylib */ = {isa = PBXFileReference; lastKnownFileType = "compiled.mach-o.dylib"; name = "libharfbuzz-subset.0.dylib"; path = "Dependencies/harfbuzz/2.6.8/lib/libharfbuzz-subset.0.dylib"; sourceTree = SOURCE_ROOT; };
		DC6C73F25E514F93737D57BF /* ImageHandleBuilder.h */ = {isa = PBXFileReference; lastKnownFileType = sourcecode.c.h; path = ImageHandleBuilder.h; sourceTree = "<group>"; };
		DE0322D8B8FBDE0B604382EE /* librsvg-2.2.dylib */ = {isa = PBXFileReference; lastKnownFileType = "compiled.mach-o.dylib"; name = "librsvg-2.2.dylib"; path = "Dependencies/librsvg/2.48.8/lib/librsvg-2.2.dylib"; sourceTree = "<group>"; };
		DFFAE5C0E319A4298D3008B2 /* libpangocairo-1.0.0.dylib */ = {isa = PBXFileReference; lastKnownFileType = "compiled.mach-o.dylib"; name = "libpangocairo-1.0.0.dylib"; path = "Dependencies/pango/1.44.7/lib/libpangocairo-1.0.0.dylib"; sourceTree = "<group>"; };
		E0AAA03F0DBD530EE508B491 /* SVGImageHandle.m */ = {isa = PBXFileReference; lastKnownFileType = sourcecode.c.objc; path = SVGImageHandle.m; sourceTree = "<group>"; };
		E4504AC2D17068F72F4327C9 /* PDFSurface.m */ = {isa = PBXFileReference; lastKnownFileType = sourcecode.c.objc; path = PDFSurface.m; sourceTree = "<group>"; };
		E4BC6EF91F06D72D984AAD8B /* libpcre16.0.dylib */ = {isa = PBXFileReference; lastKnownFileType = "compiled.mach-o.dylib"; name = libpcre16.0.dylib; path = Dependencies/pcre/8.44/lib/libpcre16.0.dylib; sourceTree = SOURCE_ROOT; };
		E9E374B97BBCED9E199C1F75 /* libcairo-script-interpreter.2.dylib */ = {isa = PBXFileReference; lastKnownFileType = "compiled.mach-o.dylib"; name = "libcairo-script-interpreter.2.dylib"; path = "Dependencies/cairo/1.16.0_3/lib/libcairo-script-interpreter.2.dylib"; sourceTree = SOURCE_ROOT; };
		EE4FA45B331C2DDC95F939B4 /* libpcreposix.0.dylib */ = {isa = PBXFileReference; lastKnownFileType = "compiled.mach-o.dylib"; name = libpcreposix.0.dylib; path = Dependencies/pcre/8.44/lib/libpcreposix.0.dylib; sourceTree = "<group>"; };
		F0CFFCEED9798A8B7B7BC2AB /* libpangoft2-1.0.0.dylib */ = {isa = PBXFileReference; lastKnownFileType = "compiled.mach-o.dylib"; name = "libpangoft2-1.0.0.dylib"; path = "Dependencies/pango/1.44.7/lib/libpangoft2-1.0.0.dylib"; sourceTree = "<group>"; };
		F10F77C503B4AF39882A79AD /* libpcre32.0.dylib */ = {isa = PBXFileReference; lastKnownFileType = "compiled.mach-o.dylib"; name = libpcre32.0.dylib; path = Dependencies/pcre/8.44/lib/libpcre32.0.dylib; sourceTree = SOURCE_ROOT; };
		F3454CB212584F3E9FA65A2C /* SurfaceHandleBuilder.m */ = {isa = PBXFileReference; lastKnownFileType = sourcecode.c.objc; path = SurfaceHandleBuilder.m; sourceTree = "<group>"; };
		F5B488C418E91C5F9BEBBC91 /* ImageSpecificationProtocol.h */ = {isa = PBXFileReference; lastKnownFileType = sourcecode.c.h; path = ImageSpecificationProtocol.h; sourceTree = "<group>"; };
		F65EEE55CEF2BDE726831D81 /* libgthread-2.0.0.dylib */ = {isa = PBXFileReference; lastKnownFileType = "compiled.mach-o.dylib"; name = "libgthread-2.0.0.dylib"; path = "Dependencies/glib/2.64.3/lib/libgthread-2.0.0.dylib"; sourceTree = SOURCE_ROOT; };
		FA7EE37516AEE9A17F27D707 /* libfontconfig.1.dylib */ = {isa = PBXFileReference; lastKnownFileType = "compiled.mach-o.dylib"; name = libfontconfig.1.dylib; path = Dependencies/fontconfig/2.13.1/lib/libfontconfig.1.dylib; sourceTree = "<group>"; };
		FC3D96B5C0A4C3181EFEAAC8 /* GlibError.m */ = {isa = PBXFileReference; lastKnownFileType = sourcecode.c.objc; path = GlibError.m; sourceTree = "<group>"; };
		FCA5321DB5A030C153ADDA55 /* ImageHandle.h */ = {isa = PBXFileReference; lastKnownFileType = sourcecode.c.h; path = ImageHandle.h; sourceTree = "<group>"; };
		FCE90C5AADDB1CCF5165ACBE /* libharfbuzz-gobject.0.dylib */ = {isa = PBXFileReference; lastKnownFileType = "compiled.mach-o.dylib"; name = "libharfbuzz-gobject.0.dylib"; path = "Dependencies/harfbuzz/2.6.8/lib/libharfbuzz-gobject.0.dylib"; sourceTree = SOURCE_ROOT; };
		FDC196B871711B1496756EE2 /* libpangocairo-1.0.0.dylib */ = {isa = PBXFileReference; lastKnownFileType = "compiled.mach-o.dylib"; name = "libpangocairo-1.0.0.dylib"; path = "Dependencies/pango/1.44.7/lib/libpangocairo-1.0.0.dylib"; sourceTree = SOURCE_ROOT; };
		FFAA7011BA22410E219FC2FC /* libpangoft2-1.0.0.dylib */ = {isa = PBXFileReference; lastKnownFileType = "compiled.mach-o.dylib"; name = "libpangoft2-1.0.0.dylib"; path = "Dependencies/pango/1.44.7/lib/libpangoft2-1.0.0.dylib"; sourceTree = SOURCE_ROOT; };
		FFB17DE5D087D0342C0F1D88 /* rsvg.h */ = {isa = PBXFileReference; lastKnownFileType = sourcecode.c.h; path = rsvg.h; sourceTree = "<group>"; };
/* End PBXFileReference section */

/* Begin PBXFrameworksBuildPhase section */
		47CC0260EC2879EC2CC861E5 /* Frameworks */ = {
			isa = PBXFrameworksBuildPhase;
			buildActionMask = 2147483647;
			files = (
				505942A53517C5E151AE6F18 /* libpng16.16.dylib in Frameworks */,
				DC92EFBA568CDC89CE18873E /* libpixman-1.0.40.0.dylib in Frameworks */,
				8A7E6EA4A362C97CE956AEEB /* libfreetype.6.dylib in Frameworks */,
				EF377FDE443939D048F09802 /* libpango-1.0.0.dylib in Frameworks */,
				92D7B3EA731E76E29BAA7F4B /* libpangoft2-1.0.0.dylib in Frameworks */,
				FFB85838B263A549A58D46AE /* libpangocairo-1.0.0.dylib in Frameworks */,
				D4E5DE6AFF666A1D8C96BF70 /* libgdk_pixbuf-2.0.0.dylib in Frameworks */,
				65E6662D13C19D2809AA195E /* libicudata.67.1.dylib in Frameworks */,
				149F29CFDAFD576A498E3334 /* libicutest.67.1.dylib in Frameworks */,
				CDFDCE06DFAE48FC0DF94891 /* libicuuc.67.1.dylib in Frameworks */,
				479930E405D7A5C5CF1F6083 /* libicuio.67.1.dylib in Frameworks */,
				64FE350DA04B9760E8B2A73B /* libicutu.67.1.dylib in Frameworks */,
				568C4D7F70C7D99D9246177E /* libicui18n.67.1.dylib in Frameworks */,
				9260BD21F82B780BFB81F6A8 /* libharfbuzz-subset.0.dylib in Frameworks */,
				B8A9D76BCCBF71E1BA2F0FFA /* libharfbuzz-gobject.0.dylib in Frameworks */,
				DF14FDFD95713661BC7DA1AC /* libharfbuzz.0.dylib in Frameworks */,
				6BE86406C0E4A04B231E77FF /* libharfbuzz-icu.0.dylib in Frameworks */,
				3E34A9DE611390A9DA6433F0 /* libglib-2.0.0.dylib in Frameworks */,
				F00020DD571DC805B4F01991 /* libgobject-2.0.0.dylib in Frameworks */,
				0751EDE25F51DD9D09D3EC84 /* libgmodule-2.0.0.dylib in Frameworks */,
				426B3BBED403DC87FFF56FF7 /* libgthread-2.0.0.dylib in Frameworks */,
				3FBC9335B8E0AB880ACF6EDA /* libgio-2.0.0.dylib in Frameworks */,
				448F9432DE8186E3A6DC4A63 /* libgraphite2.3.2.1.dylib in Frameworks */,
				B89E2B389C4859DAF99C1745 /* libcairo.2.dylib in Frameworks */,
				E5D6AD9640C4C97D7B810AD4 /* libcairo-gobject.2.dylib in Frameworks */,
				4344798CECCC7CCC994F0140 /* libcairo-script-interpreter.2.dylib in Frameworks */,
				FF525DE9FE169134DEF32ACB /* libfribidi.0.dylib in Frameworks */,
				8B988AB046D77227DB85D060 /* libfontconfig.1.dylib in Frameworks */,
				33D38AB4A8775A13D0D1040A /* libcroco-0.6.3.dylib in Frameworks */,
				1984B40D83AA2AB5D2C10163 /* libgettextpo.0.dylib in Frameworks */,
				9370B23B6825EC7D518692B7 /* libgettextlib-0.20.2.dylib in Frameworks */,
				7166835DAEB0FFFF96D5E9B8 /* libtextstyle.0.dylib in Frameworks */,
				F610C17B7B45F516DFABD1AD /* libintl.8.dylib in Frameworks */,
				36063B7BF115C657346410B1 /* libasprintf.0.dylib in Frameworks */,
				AF8479C5BAA44B2656083808 /* libgettextsrc-0.20.2.dylib in Frameworks */,
				26D330F282BBCB9500CE0BEB /* librsvg-2.2.dylib in Frameworks */,
				250F68EE98CCE77222153E92 /* libpcre.1.dylib in Frameworks */,
				5F25700602C6A5005E122404 /* libpcreposix.0.dylib in Frameworks */,
				9AD61024C14B26CB61C5BECE /* libpcrecpp.0.dylib in Frameworks */,
				105D433921E9DC22C0C3698F /* libpcre16.0.dylib in Frameworks */,
				2CD8DDF3BF3525E2E52A8FB2 /* libpcre32.0.dylib in Frameworks */,
				FA77E6FE6B9F513EA8AC8403 /* liblzo2.2.dylib in Frameworks */,
				B91503D8CF3F7A5B4822B870 /* libffi.7.dylib in Frameworks */,
			);
			runOnlyForDeploymentPostprocessing = 0;
		};
		51FE067242A09F16FBDA9568 /* Frameworks */ = {
			isa = PBXFrameworksBuildPhase;
			buildActionMask = 2147483647;
			files = (
				A0CCCB1F9BE633882E587C9E /* CairoSVG.framework in Frameworks */,
			);
			runOnlyForDeploymentPostprocessing = 0;
		};
/* End PBXFrameworksBuildPhase section */

/* Begin PBXGroup section */
		0E54EC3B9E80D0DE335216B9 /* Products */ = {
			isa = PBXGroup;
			children = (
				A1FD3E0401BF3053D666166C /* CairoSVG.framework */,
				66B18817B4DC0B691E36DAC0 /* CairoSVGTests.xctest */,
			);
			name = Products;
			sourceTree = "<group>";
		};
		1691BEF20D2F3562ACF9F9D0 /* CairoSVG */ = {
			isa = PBXGroup;
			children = (
				8986708A57C9C22CD7DBF34F /* cairo.h */,
				67677A267F3FE725299589EF /* CairoColorProtocol.h */,
				32452E1C37F7FE539F728898 /* CairoInterface.h */,
				2231E26333DB6D207C24D45D /* CairoInterface.m */,
				12CE1F40A09173956FA1040C /* CairoSize.h */,
				88F39C9D6B05D506D797D761 /* CairoSVG.h */,
				782921711069A20A81E562FF /* CairoSVGBridge.h */,
				379B2694B57C09B9C9180BE2 /* Dimension.h */,
				39CE53E0E03C5DE2A1B904CE /* GeometryDimension.h */,
				95F02978FCF66D7BD24F5FF5 /* GlibError.h */,
				FC3D96B5C0A4C3181EFEAAC8 /* GlibError.m */,
				DB4148CBC1C9D9E35461DDC1 /* ImageFileFormat.h */,
				9635E9ED0BA2A608614F1F7D /* ImageFileProtocol.h */,
				FCA5321DB5A030C153ADDA55 /* ImageHandle.h */,
				DC6C73F25E514F93737D57BF /* ImageHandleBuilder.h */,
				D497322E2992040C989F014F /* ImageHandleBuilder.m */,
				F5B488C418E91C5F9BEBBC91 /* ImageSpecificationProtocol.h */,
				0140F4A8C8022ED2CD4403AD /* Info.plist */,
				72659DCF83E67DD176EBAF4B /* PDFSurface.h */,
				E4504AC2D17068F72F4327C9 /* PDFSurface.m */,
				090E9AF0581B8DC898ACB88F /* PNGImageHandle.h */,
				4BD453FC6B8C07FB354774F9 /* PNGImageHandle.m */,
				576857CDEDDB5A3D976B4356 /* PNGSurface.h */,
				935B4C88ED6D195BC4D67F22 /* PNGSurface.m */,
				FFB17DE5D087D0342C0F1D88 /* rsvg.h */,
				B4C2FD69B7AC9E24AFAC0235 /* SurfaceHandle.h */,
				5593F35796D1AB071BB7D4FA /* SurfaceHandleBuilder.h */,
				F3454CB212584F3E9FA65A2C /* SurfaceHandleBuilder.m */,
				8CF66603B4D18731D1E58E3C /* SVGImageHandle.h */,
				E0AAA03F0DBD530EE508B491 /* SVGImageHandle.m */,
			);
			path = CairoSVG;
			sourceTree = "<group>";
		};
		41C7759FE3160E2662AC9137 /* Frameworks */ = {
			isa = PBXGroup;
			children = (
				7FB905BD1ECA385B96BD7ED2 /* libasprintf.0.dylib */,
				53B6493E0B1A6DE7AEBC8EF3 /* libcairo-gobject.2.dylib */,
				E9E374B97BBCED9E199C1F75 /* libcairo-script-interpreter.2.dylib */,
				93674603A84766116568FF57 /* libcairo.2.dylib */,
				4D742496744CF5C5B1E8F7EC /* libcroco-0.6.3.dylib */,
				91649FE2F530FC9F1CCF0E24 /* libffi.7.dylib */,
				2C3766F01E931E8D7A806561 /* libfontconfig.1.dylib */,
				5BFA0BB7D42EFBEE0EF34D3E /* libfreetype.6.dylib */,
				4E83B3E0DB8BCEA7EE75014D /* libfribidi.0.dylib */,
				16D38EA97D064F08A6938C38 /* libgdk_pixbuf-2.0.0.dylib */,
				8DC5072B15F03306661B2AA2 /* libgettextlib-0.20.2.dylib */,
				12ACBE6BD9CBCEA1E4483B17 /* libgettextpo.0.dylib */,
				CBA5756967C612A3228B9250 /* libgettextsrc-0.20.2.dylib */,
				4976B1C2D1831CC661FFED7A /* libgio-2.0.0.dylib */,
				0FB41454D863338D91843A53 /* libglib-2.0.0.dylib */,
				7B1752CB7523D0D036901B1A /* libgmodule-2.0.0.dylib */,
				384451FE4B449ED0BD0DDC28 /* libgobject-2.0.0.dylib */,
				228433474ED439F859CE7BD3 /* libgraphite2.3.2.1.dylib */,
				F65EEE55CEF2BDE726831D81 /* libgthread-2.0.0.dylib */,
				FCE90C5AADDB1CCF5165ACBE /* libharfbuzz-gobject.0.dylib */,
				7C925AC499A8C1DB667F79E9 /* libharfbuzz-icu.0.dylib */,
				DC2B03DF5A10EE578B9217DD /* libharfbuzz-subset.0.dylib */,
				BB2E9F8C45AD637625E3CDBF /* libharfbuzz.0.dylib */,
				9B80C02DBA2AE5571DB4B6E2 /* libicudata.67.1.dylib */,
				70819581853F0589E06FBE14 /* libicui18n.67.1.dylib */,
				4BA2B20EDAC4D489BE90D3AB /* libicuio.67.1.dylib */,
				C5A2C31279C0BD56299C7975 /* libicutest.67.1.dylib */,
				5420E4D37E016C948BD5C854 /* libicutu.67.1.dylib */,
				7FFB3163147C7C93D9EB7E83 /* libicuuc.67.1.dylib */,
				04D349FB227D05F06E28553E /* libintl.8.dylib */,
				B4753EBDEAF775ECDD82C784 /* liblzo2.2.dylib */,
				B2F8F90FE787A927609166C3 /* libpango-1.0.0.dylib */,
				FDC196B871711B1496756EE2 /* libpangocairo-1.0.0.dylib */,
				FFAA7011BA22410E219FC2FC /* libpangoft2-1.0.0.dylib */,
				CF91629742619DDB66C9DCA9 /* libpcre.1.dylib */,
				E4BC6EF91F06D72D984AAD8B /* libpcre16.0.dylib */,
				F10F77C503B4AF39882A79AD /* libpcre32.0.dylib */,
				CC4821F84DBA028121673136 /* libpcrecpp.0.dylib */,
				5CE0D9A16B7E325B10008539 /* libpcreposix.0.dylib */,
				05FF8837A81BC7A94ED006DD /* libpixman-1.0.40.0.dylib */,
				C218DA2D2EAA31D06836DB46 /* libpng16.16.dylib */,
				258FDF817A4E405D75DE8140 /* librsvg-2.2.dylib */,
				99800348A703AFF4E7ECE39F /* libtextstyle.0.dylib */,
			);
			name = Frameworks;
			sourceTree = "<group>";
		};
		4E077EEEE4610BA9E782562F /* Tests */ = {
			isa = PBXGroup;
			children = (
				B38220BE58463BE5242D91FD /* CairoSVGTests */,
			);
			path = Tests;
			sourceTree = "<group>";
		};
		8D174CEE4B1A157C0FD424D9 /* Sources */ = {
			isa = PBXGroup;
			children = (
				1691BEF20D2F3562ACF9F9D0 /* CairoSVG */,
			);
			path = Sources;
			sourceTree = "<group>";
		};
		B38220BE58463BE5242D91FD /* CairoSVGTests */ = {
			isa = PBXGroup;
			children = (
				003EFF0C3ACF0B8E9A184848 /* CairoSVGTests.swift */,
				C06E0F0E2558EA4E27AAE93D /* geometry.svg */,
				1FB2E62CB19748ABBE2F909D /* Info copy.plist */,
				707AF3E7E2D5354354CA755B /* Info.plist */,
			);
			path = CairoSVGTests;
			sourceTree = "<group>";
		};
		E7D54EC6776387E44E3944BF = {
			isa = PBXGroup;
			children = (
				B33663F524B8E4E700759AAE /* Package.swift */,
				F2423541C0AD2340C29E795B /* Frameworks */,
				8D174CEE4B1A157C0FD424D9 /* Sources */,
				4E077EEEE4610BA9E782562F /* Tests */,
				41C7759FE3160E2662AC9137 /* Frameworks */,
				0E54EC3B9E80D0DE335216B9 /* Products */,
			);
			sourceTree = "<group>";
		};
		F2423541C0AD2340C29E795B /* Frameworks */ = {
			isa = PBXGroup;
			children = (
				5BB710C298CFE2E56311EBDC /* libasprintf.0.dylib */,
				8051413781169E8E7E7FC477 /* libcairo-gobject.2.dylib */,
				3F3031ADC5C3FB0DBF8B3355 /* libcairo-script-interpreter.2.dylib */,
				69C952E8924F44BEA583A113 /* libcairo.2.dylib */,
				9B7552AFBD234D4A64AB8695 /* libcroco-0.6.3.dylib */,
				A6F7A0941ECF40B19E7B8390 /* libffi.7.dylib */,
				FA7EE37516AEE9A17F27D707 /* libfontconfig.1.dylib */,
				2B8D1C8A0A09D50D117459BC /* libfreetype.6.dylib */,
				2DF1158BFF84640894E75854 /* libfribidi.0.dylib */,
				A3DE634A99955C3F85474DA0 /* libgdk_pixbuf-2.0.0.dylib */,
				0FF11547DB671AE3218A189E /* libgettextlib-0.20.2.dylib */,
				0BDC12811B471BE02DBC4A72 /* libgettextpo.0.dylib */,
				193C7E58225D386BD450764D /* libgettextsrc-0.20.2.dylib */,
				65D79184531EB5F254551E22 /* libgio-2.0.0.dylib */,
				3E2F59D1E6584D0DE50A533F /* libglib-2.0.0.dylib */,
				430019AFC75A2AB4E4AABA5A /* libgmodule-2.0.0.dylib */,
				72D32981E2CD543B74FFBCA5 /* libgobject-2.0.0.dylib */,
				A0C9B5BD1BABD29B58B07B44 /* libgraphite2.3.2.1.dylib */,
				8AD93B60D8C72D55CE1F10B4 /* libgthread-2.0.0.dylib */,
				11993A35726AE91298D485DA /* libharfbuzz-gobject.0.dylib */,
				908D983E57CAD970C249A776 /* libharfbuzz-icu.0.dylib */,
				4266CB9BBCC06599F705B45F /* libharfbuzz-subset.0.dylib */,
				8564B8386DB5D601F1D484D5 /* libharfbuzz.0.dylib */,
				B71A4B53DBFA881AA66028CF /* libicudata.67.1.dylib */,
				5078343881B559B4423F41D8 /* libicui18n.67.1.dylib */,
				6E06EABD74562F151B2FEEDF /* libicuio.67.1.dylib */,
				C1D47A63B0AE3D505BCDB487 /* libicutest.67.1.dylib */,
				DB59CA718DB1F2FFA385868E /* libicutu.67.1.dylib */,
				2C1D9E1C67F9D6CC8B5058E2 /* libicuuc.67.1.dylib */,
				A367BA9926AA9CD8AD028D29 /* libintl.8.dylib */,
				21F1F08F56A36EE4F95B4BA1 /* liblzo2.2.dylib */,
				7D6BC6D77B7BBB277FB19F1A /* libpango-1.0.0.dylib */,
				DFFAE5C0E319A4298D3008B2 /* libpangocairo-1.0.0.dylib */,
				F0CFFCEED9798A8B7B7BC2AB /* libpangoft2-1.0.0.dylib */,
				67720E380949B0F03674154F /* libpcre.1.dylib */,
				244A285C14D8C62E4FD52078 /* libpcre16.0.dylib */,
				CB511E9C6902D612E33B04A4 /* libpcre32.0.dylib */,
				291BAA7A7C0F64EC4A1A3116 /* libpcrecpp.0.dylib */,
				EE4FA45B331C2DDC95F939B4 /* libpcreposix.0.dylib */,
				CDF6EFB6D809A408CEDD1B79 /* libpixman-1.0.40.0.dylib */,
				69E14305BACE3D7749912B69 /* libpng16.16.dylib */,
				DE0322D8B8FBDE0B604382EE /* librsvg-2.2.dylib */,
				0E7A8428A27854B87F234888 /* libtextstyle.0.dylib */,
			);
			name = Frameworks;
			sourceTree = "<group>";
		};
/* End PBXGroup section */

/* Begin PBXHeadersBuildPhase section */
		F51C3209B0A8666B712C8DD2 /* Headers */ = {
			isa = PBXHeadersBuildPhase;
			buildActionMask = 2147483647;
			files = (
				3DF37994E4DB8AF91B82100D /* CairoColorProtocol.h in Headers */,
				FE20136792DB7070DBA56525 /* CairoInterface.h in Headers */,
				E2E4422CA8DD6AD5E2FA48BC /* CairoSVG.h in Headers */,
				2070154AC6563BB399C0B5B9 /* CairoSVGBridge.h in Headers */,
				80C8B21FA6C514B57FC5C320 /* CairoSize.h in Headers */,
				A4484315B6AA1DD508F694D7 /* Dimension.h in Headers */,
				D17174C0C270F911D0D34A03 /* GeometryDimension.h in Headers */,
				C7E6D5EC84F70619A11004C3 /* GlibError.h in Headers */,
				ECBFBA36DA665294CE187DBB /* ImageFileFormat.h in Headers */,
				9C107C37A12F410D34130733 /* ImageFileProtocol.h in Headers */,
				DB0385E1560798BD45D67102 /* ImageHandle.h in Headers */,
				197F63F1DFCDC2A65D83C6F0 /* ImageHandleBuilder.h in Headers */,
				147B45D759D68244AD39A30A /* ImageSpecificationProtocol.h in Headers */,
				0F3F03F9EA89CCA7714FC040 /* PDFSurface.h in Headers */,
				334177747011F9EC3747F986 /* PNGImageHandle.h in Headers */,
				F7BC65C8002965B437CCA5DD /* PNGSurface.h in Headers */,
				EDB948BBC53407280F164CAC /* SVGImageHandle.h in Headers */,
				7A1376D286AA45CED426ADA6 /* SurfaceHandle.h in Headers */,
				C715A14220CD8CC329F0DAE4 /* SurfaceHandleBuilder.h in Headers */,
				8374B3C5DEE73AC06F4E303D /* cairo.h in Headers */,
				3D785055EDB490C585DFA11E /* rsvg.h in Headers */,
			);
			runOnlyForDeploymentPostprocessing = 0;
		};
/* End PBXHeadersBuildPhase section */

/* Begin PBXNativeTarget section */
		446B4019DA6A18FFCE507130 /* CairoSVGTests */ = {
			isa = PBXNativeTarget;
			buildConfigurationList = 57EAB4EFB4DD04C64A890CD4 /* Build configuration list for PBXNativeTarget "CairoSVGTests" */;
			buildPhases = (
				CEA8361A92209D7891EA6CC3 /* Sources */,
				92640588A7CC18746B1E2126 /* Resources */,
				51FE067242A09F16FBDA9568 /* Frameworks */,
				188DD20C37B0E9290904599C /* Embed Frameworks */,
			);
			buildRules = (
			);
			dependencies = (
				1826E807D5975E4C9832CFFE /* PBXTargetDependency */,
			);
			name = CairoSVGTests;
			productName = CairoSVGTests;
			productReference = 66B18817B4DC0B691E36DAC0 /* CairoSVGTests.xctest */;
			productType = "com.apple.product-type.bundle.unit-test";
		};
		552D99C61F4157FAE9F5559D /* CairoSVG */ = {
			isa = PBXNativeTarget;
			buildConfigurationList = 8E90F1673B8F78094D29817E /* Build configuration list for PBXNativeTarget "CairoSVG" */;
			buildPhases = (
				F51C3209B0A8666B712C8DD2 /* Headers */,
				4197FACE404A6E7C9AE539D8 /* Sources */,
				47CC0260EC2879EC2CC861E5 /* Frameworks */,
				B363B95024B3FC0700AF8637 /* Embed Libraries */,
				8A612EE0F76586B2477841F6 /* Run Script */,
			);
			buildRules = (
			);
			dependencies = (
			);
			name = CairoSVG;
			productName = CairoSVG;
			productReference = A1FD3E0401BF3053D666166C /* CairoSVG.framework */;
			productType = "com.apple.product-type.framework";
		};
/* End PBXNativeTarget section */

/* Begin PBXProject section */
		883FDC10125625D02C8F9F84 /* Project object */ = {
			isa = PBXProject;
			attributes = {
				LastUpgradeCheck = 1200;
			};
			buildConfigurationList = D85203D7C9EAF0F368908599 /* Build configuration list for PBXProject "CairoSVG" */;
			compatibilityVersion = "Xcode 10.0";
			developmentRegion = en;
			hasScannedForEncodings = 0;
			knownRegions = (
				en,
				Base,
			);
			mainGroup = E7D54EC6776387E44E3944BF;
			projectDirPath = "";
			projectRoot = "";
			targets = (
				552D99C61F4157FAE9F5559D /* CairoSVG */,
				446B4019DA6A18FFCE507130 /* CairoSVGTests */,
			);
		};
/* End PBXProject section */

/* Begin PBXResourcesBuildPhase section */
		92640588A7CC18746B1E2126 /* Resources */ = {
			isa = PBXResourcesBuildPhase;
			buildActionMask = 2147483647;
			files = (
				2E15A080405156510D7ED072 /* Info copy.plist in Resources */,
				7995A1632E6167038F77ACDD /* geometry.svg in Resources */,
			);
			runOnlyForDeploymentPostprocessing = 0;
		};
/* End PBXResourcesBuildPhase section */

/* Begin PBXShellScriptBuildPhase section */
		8A612EE0F76586B2477841F6 /* Run Script */ = {
			isa = PBXShellScriptBuildPhase;
			buildActionMask = 2147483647;
			files = (
			);
			inputFileListPaths = (
			);
			inputPaths = (
			);
			name = "Run Script";
			outputFileListPaths = (
			);
			outputPaths = (
			);
			runOnlyForDeploymentPostprocessing = 0;
			shellPath = /bin/sh;
			shellScript = "\"${SRCROOT}/scripts/fix_dylibs.sh\" \"${TARGET_BUILD_DIR}/${EXECUTABLE_PATH}\"";
		};
/* End PBXShellScriptBuildPhase section */

/* Begin PBXSourcesBuildPhase section */
		4197FACE404A6E7C9AE539D8 /* Sources */ = {
			isa = PBXSourcesBuildPhase;
			buildActionMask = 2147483647;
			files = (
				88588816056EBE3877E9A692 /* CairoInterface.m in Sources */,
				E746D30D57E4A3A0FC90A700 /* GlibError.m in Sources */,
				0DF961EBBC8034997C6F911D /* ImageHandleBuilder.m in Sources */,
				F0BB69DB4ADC3AC58EA6C1A4 /* PDFSurface.m in Sources */,
				AFF02ADEEBB9D33727784BEC /* PNGImageHandle.m in Sources */,
				B8950E97786BA9F94597791F /* PNGSurface.m in Sources */,
				8B67E03728A4DAB066E951CF /* SVGImageHandle.m in Sources */,
				BF1D86D75C1757D68FCEC676 /* SurfaceHandleBuilder.m in Sources */,
			);
			runOnlyForDeploymentPostprocessing = 0;
		};
		CEA8361A92209D7891EA6CC3 /* Sources */ = {
			isa = PBXSourcesBuildPhase;
			buildActionMask = 2147483647;
			files = (
				86A39F88B9A7E871F63C822C /* CairoSVGTests.swift in Sources */,
			);
			runOnlyForDeploymentPostprocessing = 0;
		};
/* End PBXSourcesBuildPhase section */

/* Begin PBXTargetDependency section */
		1826E807D5975E4C9832CFFE /* PBXTargetDependency */ = {
			isa = PBXTargetDependency;
			target = 552D99C61F4157FAE9F5559D /* CairoSVG */;
			targetProxy = 029612E76C49C210880ACE9E /* PBXContainerItemProxy */;
		};
/* End PBXTargetDependency section */

/* Begin XCBuildConfiguration section */
		4417D7480E5CDE5F9244984C /* Debug */ = {
			isa = XCBuildConfiguration;
			buildSettings = {
				BUNDLE_LOADER = "$(TEST_HOST)";
				COMBINE_HIDPI_IMAGES = YES;
				INFOPLIST_FILE = Tests/CairoSVGTests/Info.plist;
				LD_RUNPATH_SEARCH_PATHS = (
					"$(inherited)",
					"@executable_path/../Frameworks",
					"@loader_path/../Frameworks",
				);
				PRODUCT_BUNDLE_IDENTIFIER = com.brightdigit.CairoSVGTests;
				SDKROOT = macosx;
			};
			name = Debug;
		};
		4995B60D7BCFFE4202B30669 /* Debug */ = {
			isa = XCBuildConfiguration;
			buildSettings = {
				CODE_SIGN_IDENTITY = "";
				CODE_SIGN_STYLE = Automatic;
				COMBINE_HIDPI_IMAGES = YES;
				CURRENT_PROJECT_VERSION = 1;
				DEFINES_MODULE = YES;
				DEVELOPMENT_TEAM = MLT7M394S7;
				DYLIB_COMPATIBILITY_VERSION = 1;
				DYLIB_CURRENT_VERSION = 1;
				DYLIB_INSTALL_NAME_BASE = "@rpath";
				HEADER_SEARCH_PATHS = "$(SRCROOT)/Dependencies/**";
				INFOPLIST_FILE = Sources/CairoSVG/Info.plist;
				INSTALL_PATH = "$(LOCAL_LIBRARY_DIR)/Frameworks";
				LD_RUNPATH_SEARCH_PATHS = "@loader_path/Frameworks";
				LIBRARY_SEARCH_PATHS = "$(SRCROOT)/Dependencies/**";
				PRODUCT_BUNDLE_IDENTIFIER = com.brightdigit.CairoSVG;
				PROVISIONING_PROFILE_SPECIFIER = "";
				SDKROOT = macosx;
				SKIP_INSTALL = YES;
				VERSIONING_SYSTEM = "apple-generic";
			};
			name = Debug;
		};
		7F5F82EDEBD8EACB9BDBCBDC /* Release */ = {
			isa = XCBuildConfiguration;
			buildSettings = {
				CODE_SIGN_IDENTITY = "";
				CODE_SIGN_STYLE = Automatic;
				COMBINE_HIDPI_IMAGES = YES;
				CURRENT_PROJECT_VERSION = 1;
				DEFINES_MODULE = YES;
				DEVELOPMENT_TEAM = MLT7M394S7;
				DYLIB_COMPATIBILITY_VERSION = 1;
				DYLIB_CURRENT_VERSION = 1;
				DYLIB_INSTALL_NAME_BASE = "@rpath";
				HEADER_SEARCH_PATHS = "$(SRCROOT)/Dependencies/**";
				INFOPLIST_FILE = Sources/CairoSVG/Info.plist;
				INSTALL_PATH = "$(LOCAL_LIBRARY_DIR)/Frameworks";
				LD_RUNPATH_SEARCH_PATHS = "@loader_path/Frameworks";
				LIBRARY_SEARCH_PATHS = "$(SRCROOT)/Dependencies/**";
				PRODUCT_BUNDLE_IDENTIFIER = com.brightdigit.CairoSVG;
				PROVISIONING_PROFILE_SPECIFIER = "";
				SDKROOT = macosx;
				SKIP_INSTALL = YES;
				VERSIONING_SYSTEM = "apple-generic";
			};
			name = Release;
		};
		CB01F59145D07D4B55465001 /* Release */ = {
			isa = XCBuildConfiguration;
			buildSettings = {
				ALWAYS_SEARCH_USER_PATHS = NO;
				CLANG_ANALYZER_NONNULL = YES;
				CLANG_ANALYZER_NUMBER_OBJECT_CONVERSION = YES_AGGRESSIVE;
				CLANG_CXX_LANGUAGE_STANDARD = "gnu++14";
				CLANG_CXX_LIBRARY = "libc++";
				CLANG_ENABLE_MODULES = YES;
				CLANG_ENABLE_OBJC_ARC = YES;
				CLANG_WARN_BLOCK_CAPTURE_AUTORELEASING = YES;
				CLANG_WARN_BOOL_CONVERSION = YES;
				CLANG_WARN_COMMA = YES;
				CLANG_WARN_CONSTANT_CONVERSION = YES;
				CLANG_WARN_DEPRECATED_OBJC_IMPLEMENTATIONS = YES;
				CLANG_WARN_DIRECT_OBJC_ISA_USAGE = YES_ERROR;
				CLANG_WARN_DOCUMENTATION_COMMENTS = YES;
				CLANG_WARN_EMPTY_BODY = YES;
				CLANG_WARN_ENUM_CONVERSION = YES;
				CLANG_WARN_INFINITE_RECURSION = YES;
				CLANG_WARN_INT_CONVERSION = YES;
				CLANG_WARN_NON_LITERAL_NULL_CONVERSION = YES;
				CLANG_WARN_OBJC_IMPLICIT_RETAIN_SELF = YES;
				CLANG_WARN_OBJC_LITERAL_CONVERSION = YES;
				CLANG_WARN_OBJC_ROOT_CLASS = YES_ERROR;
				CLANG_WARN_QUOTED_INCLUDE_IN_FRAMEWORK_HEADER = YES;
				CLANG_WARN_RANGE_LOOP_ANALYSIS = YES;
				CLANG_WARN_STRICT_PROTOTYPES = YES;
				CLANG_WARN_SUSPICIOUS_MOVE = YES;
				CLANG_WARN_UNGUARDED_AVAILABILITY = YES_AGGRESSIVE;
				CLANG_WARN_UNREACHABLE_CODE = YES;
				CLANG_WARN__DUPLICATE_METHOD_MATCH = YES;
				COPY_PHASE_STRIP = NO;
				DEBUG_INFORMATION_FORMAT = "dwarf-with-dsym";
				ENABLE_NS_ASSERTIONS = NO;
				ENABLE_STRICT_OBJC_MSGSEND = YES;
				GCC_C_LANGUAGE_STANDARD = gnu11;
				GCC_NO_COMMON_BLOCKS = YES;
				GCC_WARN_64_TO_32_BIT_CONVERSION = YES;
				GCC_WARN_ABOUT_RETURN_TYPE = YES_ERROR;
				GCC_WARN_UNDECLARED_SELECTOR = YES;
				GCC_WARN_UNINITIALIZED_AUTOS = YES_AGGRESSIVE;
				GCC_WARN_UNUSED_FUNCTION = YES;
				GCC_WARN_UNUSED_VARIABLE = YES;
				MACOSX_DEPLOYMENT_TARGET = 10.15;
				PRODUCT_NAME = "$(TARGET_NAME)";
				SDKROOT = macosx;
				SWIFT_COMPILATION_MODE = wholemodule;
				SWIFT_VERSION = 5.0;
				VALIDATE_PRODUCT = YES;
			};
			name = Release;
		};
		DCE68407E67C7A89AEDDE343 /* Release */ = {
			isa = XCBuildConfiguration;
			buildSettings = {
				BUNDLE_LOADER = "$(TEST_HOST)";
				COMBINE_HIDPI_IMAGES = YES;
				INFOPLIST_FILE = Tests/CairoSVGTests/Info.plist;
				LD_RUNPATH_SEARCH_PATHS = (
					"$(inherited)",
					"@executable_path/../Frameworks",
					"@loader_path/../Frameworks",
				);
				PRODUCT_BUNDLE_IDENTIFIER = com.brightdigit.CairoSVGTests;
				SDKROOT = macosx;
			};
			name = Release;
		};
		EBD2D9EA53B4C25D0C025C58 /* Debug */ = {
			isa = XCBuildConfiguration;
			buildSettings = {
				ALWAYS_SEARCH_USER_PATHS = NO;
				CLANG_ANALYZER_NONNULL = YES;
				CLANG_ANALYZER_NUMBER_OBJECT_CONVERSION = YES_AGGRESSIVE;
				CLANG_CXX_LANGUAGE_STANDARD = "gnu++14";
				CLANG_CXX_LIBRARY = "libc++";
				CLANG_ENABLE_MODULES = YES;
				CLANG_ENABLE_OBJC_ARC = YES;
				CLANG_WARN_BLOCK_CAPTURE_AUTORELEASING = YES;
				CLANG_WARN_BOOL_CONVERSION = YES;
				CLANG_WARN_COMMA = YES;
				CLANG_WARN_CONSTANT_CONVERSION = YES;
				CLANG_WARN_DEPRECATED_OBJC_IMPLEMENTATIONS = YES;
				CLANG_WARN_DIRECT_OBJC_ISA_USAGE = YES_ERROR;
				CLANG_WARN_DOCUMENTATION_COMMENTS = YES;
				CLANG_WARN_EMPTY_BODY = YES;
				CLANG_WARN_ENUM_CONVERSION = YES;
				CLANG_WARN_INFINITE_RECURSION = YES;
				CLANG_WARN_INT_CONVERSION = YES;
				CLANG_WARN_NON_LITERAL_NULL_CONVERSION = YES;
				CLANG_WARN_OBJC_IMPLICIT_RETAIN_SELF = YES;
				CLANG_WARN_OBJC_LITERAL_CONVERSION = YES;
				CLANG_WARN_OBJC_ROOT_CLASS = YES_ERROR;
				CLANG_WARN_QUOTED_INCLUDE_IN_FRAMEWORK_HEADER = YES;
				CLANG_WARN_RANGE_LOOP_ANALYSIS = YES;
				CLANG_WARN_STRICT_PROTOTYPES = YES;
				CLANG_WARN_SUSPICIOUS_MOVE = YES;
				CLANG_WARN_UNGUARDED_AVAILABILITY = YES_AGGRESSIVE;
				CLANG_WARN_UNREACHABLE_CODE = YES;
				CLANG_WARN__DUPLICATE_METHOD_MATCH = YES;
				COPY_PHASE_STRIP = NO;
				DEBUG_INFORMATION_FORMAT = dwarf;
				ENABLE_STRICT_OBJC_MSGSEND = YES;
				ENABLE_TESTABILITY = YES;
				GCC_C_LANGUAGE_STANDARD = gnu11;
				GCC_DYNAMIC_NO_PIC = NO;
				GCC_NO_COMMON_BLOCKS = YES;
				GCC_OPTIMIZATION_LEVEL = 0;
				GCC_PREPROCESSOR_DEFINITIONS = (
					"$(inherited)",
					"DEBUG=1",
				);
				GCC_WARN_64_TO_32_BIT_CONVERSION = YES;
				GCC_WARN_ABOUT_RETURN_TYPE = YES_ERROR;
				GCC_WARN_UNDECLARED_SELECTOR = YES;
				GCC_WARN_UNINITIALIZED_AUTOS = YES_AGGRESSIVE;
				GCC_WARN_UNUSED_FUNCTION = YES;
				GCC_WARN_UNUSED_VARIABLE = YES;
				MACOSX_DEPLOYMENT_TARGET = 10.15;
				MTL_ENABLE_DEBUG_INFO = YES;
				ONLY_ACTIVE_ARCH = YES;
				PRODUCT_NAME = "$(TARGET_NAME)";
				SDKROOT = macosx;
				SWIFT_ACTIVE_COMPILATION_CONDITIONS = DEBUG;
				SWIFT_OPTIMIZATION_LEVEL = "-Onone";
				SWIFT_VERSION = 5.0;
			};
			name = Debug;
		};
/* End XCBuildConfiguration section */

/* Begin XCConfigurationList section */
		57EAB4EFB4DD04C64A890CD4 /* Build configuration list for PBXNativeTarget "CairoSVGTests" */ = {
			isa = XCConfigurationList;
			buildConfigurations = (
				4417D7480E5CDE5F9244984C /* Debug */,
				DCE68407E67C7A89AEDDE343 /* Release */,
			);
			defaultConfigurationIsVisible = 0;
			defaultConfigurationName = Debug;
		};
		8E90F1673B8F78094D29817E /* Build configuration list for PBXNativeTarget "CairoSVG" */ = {
			isa = XCConfigurationList;
			buildConfigurations = (
				4995B60D7BCFFE4202B30669 /* Debug */,
				7F5F82EDEBD8EACB9BDBCBDC /* Release */,
			);
			defaultConfigurationIsVisible = 0;
			defaultConfigurationName = Debug;
		};
		D85203D7C9EAF0F368908599 /* Build configuration list for PBXProject "CairoSVG" */ = {
			isa = XCConfigurationList;
			buildConfigurations = (
				EBD2D9EA53B4C25D0C025C58 /* Debug */,
				CB01F59145D07D4B55465001 /* Release */,
			);
			defaultConfigurationIsVisible = 0;
			defaultConfigurationName = Debug;
		};
/* End XCConfigurationList section */
	};
	rootObject = 883FDC10125625D02C8F9F84 /* Project object */;
}
